// !$*UTF8*$!
{
	archiveVersion = 1;
	classes = {
	};
	objectVersion = 51;
	objects = {

/* Begin PBXBuildFile section */
		0D112DA8654C0849D5EFFA56 /* Pods_LightningGame.framework in Frameworks */ = {isa = PBXBuildFile; fileRef = 88F08F033B20F8D98FFE1641 /* Pods_LightningGame.framework */; };
		B91A761C22A78EBC00155607 /* LGMatchParlayTopView.m in Sources */ = {isa = PBXBuildFile; fileRef = B91A761B22A78EBC00155607 /* LGMatchParlayTopView.m */; };
		B91A762022A7D85F00155607 /* LGAccountManager.m in Sources */ = {isa = PBXBuildFile; fileRef = B91A761F22A7D85F00155607 /* LGAccountManager.m */; };
		B91A762322A7E40E00155607 /* LGVerifyCodeRequest.m in Sources */ = {isa = PBXBuildFile; fileRef = B91A762222A7E40E00155607 /* LGVerifyCodeRequest.m */; };
		B91A762722A8AF1300155607 /* LGSignFlowManager.m in Sources */ = {isa = PBXBuildFile; fileRef = B91A762622A8AF1300155607 /* LGSignFlowManager.m */; };
		B91A762A22A8BB0C00155607 /* LGSignUpRequest.m in Sources */ = {isa = PBXBuildFile; fileRef = B91A762922A8BB0C00155607 /* LGSignUpRequest.m */; };
		B91A762F22A8DDE400155607 /* LGSignInRequest.m in Sources */ = {isa = PBXBuildFile; fileRef = B91A762E22A8DDE400155607 /* LGSignInRequest.m */; };
		B91A763322A8E8E900155607 /* LGSplashViewController.m in Sources */ = {isa = PBXBuildFile; fileRef = B91A763222A8E8E900155607 /* LGSplashViewController.m */; };
		B91A763622A910B700155607 /* LGForgetPwdRequest.m in Sources */ = {isa = PBXBuildFile; fileRef = B91A763522A910B700155607 /* LGForgetPwdRequest.m */; };
		B9229CF0229BECE00030691D /* YYFPSLabel.m in Sources */ = {isa = PBXBuildFile; fileRef = B9229CEF229BECE00030691D /* YYFPSLabel.m */; };
		B9229CF4229BED190030691D /* UINavigationController+FQExtension.m in Sources */ = {isa = PBXBuildFile; fileRef = B9229CF3229BED190030691D /* UINavigationController+FQExtension.m */; };
		B9229D01229BEEC00030691D /* NSArray+FQNilExamine.m in Sources */ = {isa = PBXBuildFile; fileRef = B9229CF6229BEEBF0030691D /* NSArray+FQNilExamine.m */; };
		B9229D02229BEEC00030691D /* NSString+FQNilExamine.m in Sources */ = {isa = PBXBuildFile; fileRef = B9229CF8229BEEBF0030691D /* NSString+FQNilExamine.m */; };
		B9229D04229BEEC00030691D /* UIImageView+FQExtension.m in Sources */ = {isa = PBXBuildFile; fileRef = B9229CFD229BEEC00030691D /* UIImageView+FQExtension.m */; };
		B9229D06229BEEC00030691D /* UIScrollView+FQEmptyData.m in Sources */ = {isa = PBXBuildFile; fileRef = B9229D00229BEEC00030691D /* UIScrollView+FQEmptyData.m */; };
		B9229D0D229BF04F0030691D /* UIView+FQExtension.m in Sources */ = {isa = PBXBuildFile; fileRef = B9229D07229BF04F0030691D /* UIView+FQExtension.m */; };
		B9229D0E229BF04F0030691D /* NSDate+FQExtension.m in Sources */ = {isa = PBXBuildFile; fileRef = B9229D08229BF04F0030691D /* NSDate+FQExtension.m */; };
		B9229D0F229BF04F0030691D /* UIImage+FQExtension.m in Sources */ = {isa = PBXBuildFile; fileRef = B9229D0B229BF04F0030691D /* UIImage+FQExtension.m */; };
		B9229D14229C17070030691D /* NSAttributedString+FQNilExamine.m in Sources */ = {isa = PBXBuildFile; fileRef = B9229CF9229BEEBF0030691D /* NSAttributedString+FQNilExamine.m */; };
		B9229D15229C170F0030691D /* NSDictionary+FQNilExamine.m in Sources */ = {isa = PBXBuildFile; fileRef = B9229CFE229BEEC00030691D /* NSDictionary+FQNilExamine.m */; };
		B9229D1D229CCB270030691D /* LGMainViewController.m in Sources */ = {isa = PBXBuildFile; fileRef = B9229D1C229CCB270030691D /* LGMainViewController.m */; };
		B9229D20229CCBCA0030691D /* UIViewController+FQExtension.m in Sources */ = {isa = PBXBuildFile; fileRef = B9229D1F229CCBCA0030691D /* UIViewController+FQExtension.m */; };
		B9229D23229CD3180030691D /* LGMatchDetailViewController.m in Sources */ = {isa = PBXBuildFile; fileRef = B9229D22229CD3180030691D /* LGMatchDetailViewController.m */; };
		B9229D29229CF2A10030691D /* FQNavigationBar.m in Sources */ = {isa = PBXBuildFile; fileRef = B9229D27229CF2A10030691D /* FQNavigationBar.m */; };
		B9229D2C229CF63E0030691D /* FQSystemUtility.m in Sources */ = {isa = PBXBuildFile; fileRef = B9229D2B229CF63E0030691D /* FQSystemUtility.m */; };
		B9229D2F229CF8C40030691D /* FQEncryptionUtility.m in Sources */ = {isa = PBXBuildFile; fileRef = B9229D2E229CF8C40030691D /* FQEncryptionUtility.m */; };
		B9229D35229CFD940030691D /* FQFileManagerUtility.m in Sources */ = {isa = PBXBuildFile; fileRef = B9229D34229CFD940030691D /* FQFileManagerUtility.m */; };
		B9229D3B229D011C0030691D /* FQLanguageManager.m in Sources */ = {isa = PBXBuildFile; fileRef = B9229D3A229D011C0030691D /* FQLanguageManager.m */; };
		B9229D3E229D02980030691D /* FQTimerManager.m in Sources */ = {isa = PBXBuildFile; fileRef = B9229D3D229D02980030691D /* FQTimerManager.m */; };
		B9229D40229D03450030691D /* FQRunTimeUtility.m in Sources */ = {isa = PBXBuildFile; fileRef = B9229D11229BF28D0030691D /* FQRunTimeUtility.m */; };
		B9229D41229D03450030691D /* FQGZipUtility.m in Sources */ = {isa = PBXBuildFile; fileRef = B9229D37229CFF280030691D /* FQGZipUtility.m */; };
		B9229D44229D03E20030691D /* FQAuthorizationHelper.m in Sources */ = {isa = PBXBuildFile; fileRef = B9229D42229D03E20030691D /* FQAuthorizationHelper.m */; };
		B9229D47229D07260030691D /* FQSegmentedControl.m in Sources */ = {isa = PBXBuildFile; fileRef = B9229D46229D07260030691D /* FQSegmentedControl.m */; };
		B9229D4A229D0B670030691D /* FQWindowUtility.m in Sources */ = {isa = PBXBuildFile; fileRef = B9229D49229D0B670030691D /* FQWindowUtility.m */; };
		B9229D4D229D66E90030691D /* FQImageButton.m in Sources */ = {isa = PBXBuildFile; fileRef = B9229D4B229D66E90030691D /* FQImageButton.m */; };
		B9229D62229E21EF0030691D /* Localizable.strings in Resources */ = {isa = PBXBuildFile; fileRef = B9229D64229E21EF0030691D /* Localizable.strings */; };
		B9229D68229E2DE80030691D /* LGMatchListView.m in Sources */ = {isa = PBXBuildFile; fileRef = B9229D67229E2DE80030691D /* LGMatchListView.m */; };
		B9229D6B229E39A70030691D /* LGMatchListViewModel.m in Sources */ = {isa = PBXBuildFile; fileRef = B9229D6A229E39A70030691D /* LGMatchListViewModel.m */; };
		B9229D76229E5FB80030691D /* FQNetworkManager.m in Sources */ = {isa = PBXBuildFile; fileRef = B9229D71229E5FB80030691D /* FQNetworkManager.m */; };
		B9229D77229E5FB80030691D /* FQNetworkReachabilityManager.m in Sources */ = {isa = PBXBuildFile; fileRef = B9229D73229E5FB80030691D /* FQNetworkReachabilityManager.m */; };
		B9229D7D229E6EC90030691D /* LGBasicRequest.m in Sources */ = {isa = PBXBuildFile; fileRef = B9229D7C229E6EC90030691D /* LGBasicRequest.m */; };
		B9229D8C229E74180030691D /* list_sample.json in Resources */ = {isa = PBXBuildFile; fileRef = B9229D8B229E74180030691D /* list_sample.json */; };
		B9229D90229E7D4A0030691D /* LGMatchListViewCell.m in Sources */ = {isa = PBXBuildFile; fileRef = B9229D8F229E7D4A0030691D /* LGMatchListViewCell.m */; };
		B9229D93229EA6600030691D /* CALayer+FQExtension.m in Sources */ = {isa = PBXBuildFile; fileRef = B9229D92229EA6600030691D /* CALayer+FQExtension.m */; };
		B9339F2922B7286F00C6AF15 /* LGMatchListRequest.m in Sources */ = {isa = PBXBuildFile; fileRef = B9339F2822B7286F00C6AF15 /* LGMatchListRequest.m */; };
		B9339F2C22B766DF00C6AF15 /* LGMatchDetailRequest.m in Sources */ = {isa = PBXBuildFile; fileRef = B9339F2B22B766DF00C6AF15 /* LGMatchDetailRequest.m */; };
		B945C1FE22B395E50031E82C /* detail_sample2.json in Resources */ = {isa = PBXBuildFile; fileRef = B945C1FC22B395E50031E82C /* detail_sample2.json */; };
		B945C1FF22B395E50031E82C /* detail_sample1.json in Resources */ = {isa = PBXBuildFile; fileRef = B945C1FD22B395E50031E82C /* detail_sample1.json */; };
		B9493682229BCBE7000C3D24 /* AppDelegate.m in Sources */ = {isa = PBXBuildFile; fileRef = B9493681229BCBE7000C3D24 /* AppDelegate.m */; };
		B9493688229BCBE7000C3D24 /* Main.storyboard in Resources */ = {isa = PBXBuildFile; fileRef = B9493686229BCBE7000C3D24 /* Main.storyboard */; };
		B949368A229BCBE9000C3D24 /* Assets.xcassets in Resources */ = {isa = PBXBuildFile; fileRef = B9493689229BCBE9000C3D24 /* Assets.xcassets */; };
		B949368D229BCBE9000C3D24 /* LaunchScreen.storyboard in Resources */ = {isa = PBXBuildFile; fileRef = B949368B229BCBE9000C3D24 /* LaunchScreen.storyboard */; };
		B9493690229BCBE9000C3D24 /* main.m in Sources */ = {isa = PBXBuildFile; fileRef = B949368F229BCBE9000C3D24 /* main.m */; };
		B949369A229BCBE9000C3D24 /* LightningGameTests.m in Sources */ = {isa = PBXBuildFile; fileRef = B9493699229BCBE9000C3D24 /* LightningGameTests.m */; };
		B94936A5229BCBE9000C3D24 /* LightningGameUITests.m in Sources */ = {isa = PBXBuildFile; fileRef = B94936A4229BCBE9000C3D24 /* LightningGameUITests.m */; };
		B94E4FAD22B79CA700A56F13 /* FQAbstractPlayerView.m in Sources */ = {isa = PBXBuildFile; fileRef = B94E4FAB22B79CA700A56F13 /* FQAbstractPlayerView.m */; };
		B94E4FB022B79CAD00A56F13 /* FQAVPlayerView.m in Sources */ = {isa = PBXBuildFile; fileRef = B94E4FAE22B79CAD00A56F13 /* FQAVPlayerView.m */; };
		B94E4FB322B79CB600A56F13 /* FQPlayerOperateView.m in Sources */ = {isa = PBXBuildFile; fileRef = B94E4FB222B79CB600A56F13 /* FQPlayerOperateView.m */; };
		B94E4FB722B7B9C000A56F13 /* LGMatchDetailPlayerView.m in Sources */ = {isa = PBXBuildFile; fileRef = B94E4FB622B7B9C000A56F13 /* LGMatchDetailPlayerView.m */; };
		B9609CCC22B26D93003005BA /* LGMatchDetailTableViewCell.m in Sources */ = {isa = PBXBuildFile; fileRef = B9609CCB22B26D93003005BA /* LGMatchDetailTableViewCell.m */; };
		B9609CD222B36CCD003005BA /* LGMatchListOddsView.m in Sources */ = {isa = PBXBuildFile; fileRef = B9609CD122B36CCD003005BA /* LGMatchListOddsView.m */; };
		B9609CD522B36EA5003005BA /* LGMatchDetailOddsView.m in Sources */ = {isa = PBXBuildFile; fileRef = B9609CD422B36EA5003005BA /* LGMatchDetailOddsView.m */; };
		B9727B1322B771BF002B335C /* LGMatchDetailHeaderView.m in Sources */ = {isa = PBXBuildFile; fileRef = B9727B1222B771BF002B335C /* LGMatchDetailHeaderView.m */; };
		B9BE555322B8869000D04395 /* UIView+FQRotatable.m in Sources */ = {isa = PBXBuildFile; fileRef = B9BE555222B8869000D04395 /* UIView+FQRotatable.m */; };
		B9BE555A22B908BE00D04395 /* LGOAuthRequest.m in Sources */ = {isa = PBXBuildFile; fileRef = B9BE555922B908BE00D04395 /* LGOAuthRequest.m */; };
		B9C3A164229F7DEB00E282B0 /* LGMatchBasicOddsView.m in Sources */ = {isa = PBXBuildFile; fileRef = B9C3A163229F7DEB00E282B0 /* LGMatchBasicOddsView.m */; };
		B9C3A167229F842200E282B0 /* NSObject+MsgForwarding.m in Sources */ = {isa = PBXBuildFile; fileRef = B9C3A165229F842200E282B0 /* NSObject+MsgForwarding.m */; };
		B9C3A16A229F93F100E282B0 /* FQComponentFactory.m in Sources */ = {isa = PBXBuildFile; fileRef = B9C3A169229F93F100E282B0 /* FQComponentFactory.m */; };
		B9C3A16D229FA3F800E282B0 /* LGMarqueeView.m in Sources */ = {isa = PBXBuildFile; fileRef = B9C3A16C229FA3F800E282B0 /* LGMarqueeView.m */; };
		B9C3A170229FC38E00E282B0 /* LGMarqueeViewModel.m in Sources */ = {isa = PBXBuildFile; fileRef = B9C3A16F229FC38E00E282B0 /* LGMarqueeViewModel.m */; };
		B9C3A17222A0C4ED00E282B0 /* detail_sample.json in Resources */ = {isa = PBXBuildFile; fileRef = B9C3A17122A0C4ED00E282B0 /* detail_sample.json */; };
		B9C3A17522A0D21400E282B0 /* LGMatchParlayView.m in Sources */ = {isa = PBXBuildFile; fileRef = B9C3A17422A0D21400E282B0 /* LGMatchParlayView.m */; };
		B9C3A17922A0F9F700E282B0 /* LGSignUpViewController.m in Sources */ = {isa = PBXBuildFile; fileRef = B9C3A17822A0F9F700E282B0 /* LGSignUpViewController.m */; };
		B9C3A17C22A0FA2600E282B0 /* LGSignInViewController.m in Sources */ = {isa = PBXBuildFile; fileRef = B9C3A17B22A0FA2600E282B0 /* LGSignInViewController.m */; };
		B9D9101522ABA64600D54911 /* CTMediator.m in Sources */ = {isa = PBXBuildFile; fileRef = B9D9101422ABA64500D54911 /* CTMediator.m */; };
		B9D9101922ABA6E700D54911 /* Target_SignIn.m in Sources */ = {isa = PBXBuildFile; fileRef = B9D9101822ABA6E700D54911 /* Target_SignIn.m */; };
		B9D9101E22ABA71A00D54911 /* Target_Main.m in Sources */ = {isa = PBXBuildFile; fileRef = B9D9101C22ABA71A00D54911 /* Target_Main.m */; };
		B9D9102422ABA73F00D54911 /* CTMediator+LGMainActions.m in Sources */ = {isa = PBXBuildFile; fileRef = B9D9102322ABA73F00D54911 /* CTMediator+LGMainActions.m */; };
		B9D9102722ABA74600D54911 /* CTMediator+LGSignActions.m in Sources */ = {isa = PBXBuildFile; fileRef = B9D9102522ABA74600D54911 /* CTMediator+LGSignActions.m */; };
		B9D9102D22ADF36A00D54911 /* LGLoadingView.m in Sources */ = {isa = PBXBuildFile; fileRef = B9D9102C22ADF36A00D54911 /* LGLoadingView.m */; };
		B9D9103122ADFD3400D54911 /* LGDatePickerView.m in Sources */ = {isa = PBXBuildFile; fileRef = B9D9103022ADFD3400D54911 /* LGDatePickerView.m */; };
		B9D9103422AE0D9800D54911 /* LGDatePickerViewModel.m in Sources */ = {isa = PBXBuildFile; fileRef = B9D9103322AE0D9800D54911 /* LGDatePickerViewModel.m */; };
		B9D9103722AE46EB00D54911 /* LGDatePickerTableView.m in Sources */ = {isa = PBXBuildFile; fileRef = B9D9103622AE46EA00D54911 /* LGDatePickerTableView.m */; };
		B9D9103E22AE819900D54911 /* LGProfileViewController.m in Sources */ = {isa = PBXBuildFile; fileRef = B9D9103D22AE819900D54911 /* LGProfileViewController.m */; };
		B9D9104222AE81B400D54911 /* Target_Profile.m in Sources */ = {isa = PBXBuildFile; fileRef = B9D9104122AE81B400D54911 /* Target_Profile.m */; };
		B9D9104622AE820200D54911 /* CTMediator+LGProfileActions.m in Sources */ = {isa = PBXBuildFile; fileRef = B9D9104522AE820200D54911 /* CTMediator+LGProfileActions.m */; };
		B9D9104922AE84DF00D54911 /* FQAnimatedTransitioning.m in Sources */ = {isa = PBXBuildFile; fileRef = B9D9104822AE84DF00D54911 /* FQAnimatedTransitioning.m */; };
		B9D9104F22B0EDC000D54911 /* NSDictionary+FQExtension.m in Sources */ = {isa = PBXBuildFile; fileRef = B9D9104E22B0EDC000D54911 /* NSDictionary+FQExtension.m */; };
		B9D9105222B1EA9F00D54911 /* LGMatchDetailViewModel.m in Sources */ = {isa = PBXBuildFile; fileRef = B9D9105122B1EA9F00D54911 /* LGMatchDetailViewModel.m */; };
		B9F61A5422A4BCD500CDC29E /* LGServiceButton.m in Sources */ = {isa = PBXBuildFile; fileRef = B9F61A5322A4BCD500CDC29E /* LGServiceButton.m */; };
		B9F61A5722A4C7BA00CDC29E /* LGSignFieldView.m in Sources */ = {isa = PBXBuildFile; fileRef = B9F61A5622A4C7BA00CDC29E /* LGSignFieldView.m */; };
		B9F61A5A22A4F5F100CDC29E /* LGForgetPwdViewController.m in Sources */ = {isa = PBXBuildFile; fileRef = B9F61A5922A4F5F100CDC29E /* LGForgetPwdViewController.m */; };
		B9F61A5D22A5001900CDC29E /* LGMatchParlayTableView.m in Sources */ = {isa = PBXBuildFile; fileRef = B9F61A5C22A5001900CDC29E /* LGMatchParlayTableView.m */; };
		B9F61A6022A5044800CDC29E /* LGMatchParlayTableViewCell.m in Sources */ = {isa = PBXBuildFile; fileRef = B9F61A5F22A5044800CDC29E /* LGMatchParlayTableViewCell.m */; };
		B9F61A6622A6060F00CDC29E /* LGMatchParlayKeyboard.m in Sources */ = {isa = PBXBuildFile; fileRef = B9F61A6522A6060F00CDC29E /* LGMatchParlayKeyboard.m */; };
		B9F61A6922A63B0C00CDC29E /* LGMatchParlayTextField.m in Sources */ = {isa = PBXBuildFile; fileRef = B9F61A6822A63B0C00CDC29E /* LGMatchParlayTextField.m */; };
		B9F61A6C22A6566300CDC29E /* LGToastView.m in Sources */ = {isa = PBXBuildFile; fileRef = B9F61A6B22A6566300CDC29E /* LGToastView.m */; };
		B9F61A6F22A75A6700CDC29E /* LGMatchParlayBottomView.m in Sources */ = {isa = PBXBuildFile; fileRef = B9F61A6E22A75A6700CDC29E /* LGMatchParlayBottomView.m */; };
/* End PBXBuildFile section */

/* Begin PBXContainerItemProxy section */
		B9493696229BCBE9000C3D24 /* PBXContainerItemProxy */ = {
			isa = PBXContainerItemProxy;
			containerPortal = B9493675229BCBE7000C3D24 /* Project object */;
			proxyType = 1;
			remoteGlobalIDString = B949367C229BCBE7000C3D24;
			remoteInfo = LightningGame;
		};
		B94936A1229BCBE9000C3D24 /* PBXContainerItemProxy */ = {
			isa = PBXContainerItemProxy;
			containerPortal = B9493675229BCBE7000C3D24 /* Project object */;
			proxyType = 1;
			remoteGlobalIDString = B949367C229BCBE7000C3D24;
			remoteInfo = LightningGame;
		};
/* End PBXContainerItemProxy section */

/* Begin PBXFileReference section */
		64A99286D4ECBEFE1FFB1F50 /* Pods-LightningGame.release.xcconfig */ = {isa = PBXFileReference; includeInIndex = 1; lastKnownFileType = text.xcconfig; name = "Pods-LightningGame.release.xcconfig"; path = "Target Support Files/Pods-LightningGame/Pods-LightningGame.release.xcconfig"; sourceTree = "<group>"; };
		88F08F033B20F8D98FFE1641 /* Pods_LightningGame.framework */ = {isa = PBXFileReference; explicitFileType = wrapper.framework; includeInIndex = 0; path = Pods_LightningGame.framework; sourceTree = BUILT_PRODUCTS_DIR; };
		B4FF264629B3E02E0CEE385C /* Pods-LightningGame.debug.xcconfig */ = {isa = PBXFileReference; includeInIndex = 1; lastKnownFileType = text.xcconfig; name = "Pods-LightningGame.debug.xcconfig"; path = "Target Support Files/Pods-LightningGame/Pods-LightningGame.debug.xcconfig"; sourceTree = "<group>"; };
		B91A761A22A78EBC00155607 /* LGMatchParlayTopView.h */ = {isa = PBXFileReference; lastKnownFileType = sourcecode.c.h; path = LGMatchParlayTopView.h; sourceTree = "<group>"; };
		B91A761B22A78EBC00155607 /* LGMatchParlayTopView.m */ = {isa = PBXFileReference; lastKnownFileType = sourcecode.c.objc; path = LGMatchParlayTopView.m; sourceTree = "<group>"; };
		B91A761E22A7D85F00155607 /* LGAccountManager.h */ = {isa = PBXFileReference; lastKnownFileType = sourcecode.c.h; path = LGAccountManager.h; sourceTree = "<group>"; };
		B91A761F22A7D85F00155607 /* LGAccountManager.m */ = {isa = PBXFileReference; lastKnownFileType = sourcecode.c.objc; path = LGAccountManager.m; sourceTree = "<group>"; };
		B91A762122A7E40E00155607 /* LGVerifyCodeRequest.h */ = {isa = PBXFileReference; lastKnownFileType = sourcecode.c.h; path = LGVerifyCodeRequest.h; sourceTree = "<group>"; };
		B91A762222A7E40E00155607 /* LGVerifyCodeRequest.m */ = {isa = PBXFileReference; lastKnownFileType = sourcecode.c.objc; path = LGVerifyCodeRequest.m; sourceTree = "<group>"; };
		B91A762522A8AF1300155607 /* LGSignFlowManager.h */ = {isa = PBXFileReference; lastKnownFileType = sourcecode.c.h; path = LGSignFlowManager.h; sourceTree = "<group>"; };
		B91A762622A8AF1300155607 /* LGSignFlowManager.m */ = {isa = PBXFileReference; lastKnownFileType = sourcecode.c.objc; path = LGSignFlowManager.m; sourceTree = "<group>"; };
		B91A762822A8BB0C00155607 /* LGSignUpRequest.h */ = {isa = PBXFileReference; lastKnownFileType = sourcecode.c.h; path = LGSignUpRequest.h; sourceTree = "<group>"; };
		B91A762922A8BB0C00155607 /* LGSignUpRequest.m */ = {isa = PBXFileReference; lastKnownFileType = sourcecode.c.objc; path = LGSignUpRequest.m; sourceTree = "<group>"; };
		B91A762B22A8BFA100155607 /* LGAPIErrorCode.h */ = {isa = PBXFileReference; lastKnownFileType = sourcecode.c.h; path = LGAPIErrorCode.h; sourceTree = "<group>"; };
		B91A762C22A8BFD600155607 /* LGAPIURLConfig.h */ = {isa = PBXFileReference; lastKnownFileType = sourcecode.c.h; path = LGAPIURLConfig.h; sourceTree = "<group>"; };
		B91A762D22A8DDE400155607 /* LGSignInRequest.h */ = {isa = PBXFileReference; lastKnownFileType = sourcecode.c.h; path = LGSignInRequest.h; sourceTree = "<group>"; };
		B91A762E22A8DDE400155607 /* LGSignInRequest.m */ = {isa = PBXFileReference; lastKnownFileType = sourcecode.c.objc; path = LGSignInRequest.m; sourceTree = "<group>"; };
		B91A763022A8E26700155607 /* LGAccountKeys.h */ = {isa = PBXFileReference; lastKnownFileType = sourcecode.c.h; path = LGAccountKeys.h; sourceTree = "<group>"; };
		B91A763122A8E8E900155607 /* LGSplashViewController.h */ = {isa = PBXFileReference; lastKnownFileType = sourcecode.c.h; path = LGSplashViewController.h; sourceTree = "<group>"; };
		B91A763222A8E8E900155607 /* LGSplashViewController.m */ = {isa = PBXFileReference; lastKnownFileType = sourcecode.c.objc; path = LGSplashViewController.m; sourceTree = "<group>"; };
		B91A763422A910B700155607 /* LGForgetPwdRequest.h */ = {isa = PBXFileReference; lastKnownFileType = sourcecode.c.h; path = LGForgetPwdRequest.h; sourceTree = "<group>"; };
		B91A763522A910B700155607 /* LGForgetPwdRequest.m */ = {isa = PBXFileReference; lastKnownFileType = sourcecode.c.objc; path = LGForgetPwdRequest.m; sourceTree = "<group>"; };
		B9229CDD229BE48D0030691D /* PrefixHeader.pch */ = {isa = PBXFileReference; lastKnownFileType = sourcecode.c.h; path = PrefixHeader.pch; sourceTree = "<group>"; };
		B9229CEB229BEC990030691D /* FQMacroDefine.h */ = {isa = PBXFileReference; fileEncoding = 4; lastKnownFileType = sourcecode.c.h; path = FQMacroDefine.h; sourceTree = "<group>"; };
		B9229CEC229BEC990030691D /* LGMacroDefine.h */ = {isa = PBXFileReference; fileEncoding = 4; lastKnownFileType = sourcecode.c.h; path = LGMacroDefine.h; sourceTree = "<group>"; };
		B9229CEE229BECE00030691D /* YYFPSLabel.h */ = {isa = PBXFileReference; fileEncoding = 4; lastKnownFileType = sourcecode.c.h; path = YYFPSLabel.h; sourceTree = "<group>"; };
		B9229CEF229BECE00030691D /* YYFPSLabel.m */ = {isa = PBXFileReference; fileEncoding = 4; lastKnownFileType = sourcecode.c.objc; path = YYFPSLabel.m; sourceTree = "<group>"; };
		B9229CF2229BED190030691D /* UINavigationController+FQExtension.h */ = {isa = PBXFileReference; lastKnownFileType = sourcecode.c.h; path = "UINavigationController+FQExtension.h"; sourceTree = "<group>"; };
		B9229CF3229BED190030691D /* UINavigationController+FQExtension.m */ = {isa = PBXFileReference; lastKnownFileType = sourcecode.c.objc; path = "UINavigationController+FQExtension.m"; sourceTree = "<group>"; };
		B9229CF5229BEEBF0030691D /* NSDictionary+FQNilExamine.h */ = {isa = PBXFileReference; fileEncoding = 4; lastKnownFileType = sourcecode.c.h; path = "NSDictionary+FQNilExamine.h"; sourceTree = "<group>"; };
		B9229CF6229BEEBF0030691D /* NSArray+FQNilExamine.m */ = {isa = PBXFileReference; fileEncoding = 4; lastKnownFileType = sourcecode.c.objc; path = "NSArray+FQNilExamine.m"; sourceTree = "<group>"; };
		B9229CF7229BEEBF0030691D /* NSAttributedString+FQNilExamine.h */ = {isa = PBXFileReference; fileEncoding = 4; lastKnownFileType = sourcecode.c.h; path = "NSAttributedString+FQNilExamine.h"; sourceTree = "<group>"; };
		B9229CF8229BEEBF0030691D /* NSString+FQNilExamine.m */ = {isa = PBXFileReference; fileEncoding = 4; lastKnownFileType = sourcecode.c.objc; path = "NSString+FQNilExamine.m"; sourceTree = "<group>"; };
		B9229CF9229BEEBF0030691D /* NSAttributedString+FQNilExamine.m */ = {isa = PBXFileReference; fileEncoding = 4; lastKnownFileType = sourcecode.c.objc; path = "NSAttributedString+FQNilExamine.m"; sourceTree = "<group>"; };
		B9229CFA229BEEC00030691D /* NSString+FQNilExamine.h */ = {isa = PBXFileReference; fileEncoding = 4; lastKnownFileType = sourcecode.c.h; path = "NSString+FQNilExamine.h"; sourceTree = "<group>"; };
		B9229CFB229BEEC00030691D /* UIImageView+FQExtension.h */ = {isa = PBXFileReference; fileEncoding = 4; lastKnownFileType = sourcecode.c.h; path = "UIImageView+FQExtension.h"; sourceTree = "<group>"; };
		B9229CFC229BEEC00030691D /* UIScrollView+FQEmptyData.h */ = {isa = PBXFileReference; fileEncoding = 4; lastKnownFileType = sourcecode.c.h; path = "UIScrollView+FQEmptyData.h"; sourceTree = "<group>"; };
		B9229CFD229BEEC00030691D /* UIImageView+FQExtension.m */ = {isa = PBXFileReference; fileEncoding = 4; lastKnownFileType = sourcecode.c.objc; path = "UIImageView+FQExtension.m"; sourceTree = "<group>"; };
		B9229CFE229BEEC00030691D /* NSDictionary+FQNilExamine.m */ = {isa = PBXFileReference; fileEncoding = 4; lastKnownFileType = sourcecode.c.objc; path = "NSDictionary+FQNilExamine.m"; sourceTree = "<group>"; };
		B9229CFF229BEEC00030691D /* NSArray+FQNilExamine.h */ = {isa = PBXFileReference; fileEncoding = 4; lastKnownFileType = sourcecode.c.h; path = "NSArray+FQNilExamine.h"; sourceTree = "<group>"; };
		B9229D00229BEEC00030691D /* UIScrollView+FQEmptyData.m */ = {isa = PBXFileReference; fileEncoding = 4; lastKnownFileType = sourcecode.c.objc; path = "UIScrollView+FQEmptyData.m"; sourceTree = "<group>"; };
		B9229D07229BF04F0030691D /* UIView+FQExtension.m */ = {isa = PBXFileReference; fileEncoding = 4; lastKnownFileType = sourcecode.c.objc; path = "UIView+FQExtension.m"; sourceTree = "<group>"; };
		B9229D08229BF04F0030691D /* NSDate+FQExtension.m */ = {isa = PBXFileReference; fileEncoding = 4; lastKnownFileType = sourcecode.c.objc; path = "NSDate+FQExtension.m"; sourceTree = "<group>"; };
		B9229D09229BF04F0030691D /* UIImage+FQExtension.h */ = {isa = PBXFileReference; fileEncoding = 4; lastKnownFileType = sourcecode.c.h; path = "UIImage+FQExtension.h"; sourceTree = "<group>"; };
		B9229D0A229BF04F0030691D /* NSDate+FQExtension.h */ = {isa = PBXFileReference; fileEncoding = 4; lastKnownFileType = sourcecode.c.h; path = "NSDate+FQExtension.h"; sourceTree = "<group>"; };
		B9229D0B229BF04F0030691D /* UIImage+FQExtension.m */ = {isa = PBXFileReference; fileEncoding = 4; lastKnownFileType = sourcecode.c.objc; path = "UIImage+FQExtension.m"; sourceTree = "<group>"; };
		B9229D0C229BF04F0030691D /* UIView+FQExtension.h */ = {isa = PBXFileReference; fileEncoding = 4; lastKnownFileType = sourcecode.c.h; path = "UIView+FQExtension.h"; sourceTree = "<group>"; };
		B9229D10229BF28D0030691D /* FQRunTimeUtility.h */ = {isa = PBXFileReference; lastKnownFileType = sourcecode.c.h; path = FQRunTimeUtility.h; sourceTree = "<group>"; };
		B9229D11229BF28D0030691D /* FQRunTimeUtility.m */ = {isa = PBXFileReference; lastKnownFileType = sourcecode.c.objc; path = FQRunTimeUtility.m; sourceTree = "<group>"; };
		B9229D1B229CCB270030691D /* LGMainViewController.h */ = {isa = PBXFileReference; lastKnownFileType = sourcecode.c.h; path = LGMainViewController.h; sourceTree = "<group>"; };
		B9229D1C229CCB270030691D /* LGMainViewController.m */ = {isa = PBXFileReference; lastKnownFileType = sourcecode.c.objc; path = LGMainViewController.m; sourceTree = "<group>"; };
		B9229D1E229CCBCA0030691D /* UIViewController+FQExtension.h */ = {isa = PBXFileReference; lastKnownFileType = sourcecode.c.h; path = "UIViewController+FQExtension.h"; sourceTree = "<group>"; };
		B9229D1F229CCBCA0030691D /* UIViewController+FQExtension.m */ = {isa = PBXFileReference; lastKnownFileType = sourcecode.c.objc; path = "UIViewController+FQExtension.m"; sourceTree = "<group>"; };
		B9229D21229CD3180030691D /* LGMatchDetailViewController.h */ = {isa = PBXFileReference; lastKnownFileType = sourcecode.c.h; path = LGMatchDetailViewController.h; sourceTree = "<group>"; };
		B9229D22229CD3180030691D /* LGMatchDetailViewController.m */ = {isa = PBXFileReference; lastKnownFileType = sourcecode.c.objc; path = LGMatchDetailViewController.m; sourceTree = "<group>"; };
		B9229D27229CF2A10030691D /* FQNavigationBar.m */ = {isa = PBXFileReference; fileEncoding = 4; lastKnownFileType = sourcecode.c.objc; path = FQNavigationBar.m; sourceTree = "<group>"; };
		B9229D28229CF2A10030691D /* FQNavigationBar.h */ = {isa = PBXFileReference; fileEncoding = 4; lastKnownFileType = sourcecode.c.h; path = FQNavigationBar.h; sourceTree = "<group>"; };
		B9229D2A229CF63E0030691D /* FQSystemUtility.h */ = {isa = PBXFileReference; lastKnownFileType = sourcecode.c.h; path = FQSystemUtility.h; sourceTree = "<group>"; };
		B9229D2B229CF63E0030691D /* FQSystemUtility.m */ = {isa = PBXFileReference; lastKnownFileType = sourcecode.c.objc; path = FQSystemUtility.m; sourceTree = "<group>"; };
		B9229D2D229CF8C40030691D /* FQEncryptionUtility.h */ = {isa = PBXFileReference; lastKnownFileType = sourcecode.c.h; path = FQEncryptionUtility.h; sourceTree = "<group>"; };
		B9229D2E229CF8C40030691D /* FQEncryptionUtility.m */ = {isa = PBXFileReference; lastKnownFileType = sourcecode.c.objc; path = FQEncryptionUtility.m; sourceTree = "<group>"; };
		B9229D33229CFD940030691D /* FQFileManagerUtility.h */ = {isa = PBXFileReference; lastKnownFileType = sourcecode.c.h; path = FQFileManagerUtility.h; sourceTree = "<group>"; };
		B9229D34229CFD940030691D /* FQFileManagerUtility.m */ = {isa = PBXFileReference; lastKnownFileType = sourcecode.c.objc; path = FQFileManagerUtility.m; sourceTree = "<group>"; };
		B9229D36229CFF280030691D /* FQGZipUtility.h */ = {isa = PBXFileReference; lastKnownFileType = sourcecode.c.h; path = FQGZipUtility.h; sourceTree = "<group>"; };
		B9229D37229CFF280030691D /* FQGZipUtility.m */ = {isa = PBXFileReference; lastKnownFileType = sourcecode.c.objc; path = FQGZipUtility.m; sourceTree = "<group>"; };
		B9229D39229D011C0030691D /* FQLanguageManager.h */ = {isa = PBXFileReference; lastKnownFileType = sourcecode.c.h; path = FQLanguageManager.h; sourceTree = "<group>"; };
		B9229D3A229D011C0030691D /* FQLanguageManager.m */ = {isa = PBXFileReference; lastKnownFileType = sourcecode.c.objc; path = FQLanguageManager.m; sourceTree = "<group>"; };
		B9229D3C229D02980030691D /* FQTimerManager.h */ = {isa = PBXFileReference; fileEncoding = 4; lastKnownFileType = sourcecode.c.h; path = FQTimerManager.h; sourceTree = "<group>"; };
		B9229D3D229D02980030691D /* FQTimerManager.m */ = {isa = PBXFileReference; fileEncoding = 4; lastKnownFileType = sourcecode.c.objc; path = FQTimerManager.m; sourceTree = "<group>"; };
		B9229D42229D03E20030691D /* FQAuthorizationHelper.m */ = {isa = PBXFileReference; fileEncoding = 4; lastKnownFileType = sourcecode.c.objc; path = FQAuthorizationHelper.m; sourceTree = "<group>"; };
		B9229D43229D03E20030691D /* FQAuthorizationHelper.h */ = {isa = PBXFileReference; fileEncoding = 4; lastKnownFileType = sourcecode.c.h; path = FQAuthorizationHelper.h; sourceTree = "<group>"; };
		B9229D45229D07260030691D /* FQSegmentedControl.h */ = {isa = PBXFileReference; fileEncoding = 4; lastKnownFileType = sourcecode.c.h; path = FQSegmentedControl.h; sourceTree = "<group>"; };
		B9229D46229D07260030691D /* FQSegmentedControl.m */ = {isa = PBXFileReference; fileEncoding = 4; lastKnownFileType = sourcecode.c.objc; path = FQSegmentedControl.m; sourceTree = "<group>"; };
		B9229D48229D0B670030691D /* FQWindowUtility.h */ = {isa = PBXFileReference; lastKnownFileType = sourcecode.c.h; path = FQWindowUtility.h; sourceTree = "<group>"; };
		B9229D49229D0B670030691D /* FQWindowUtility.m */ = {isa = PBXFileReference; lastKnownFileType = sourcecode.c.objc; path = FQWindowUtility.m; sourceTree = "<group>"; };
		B9229D4B229D66E90030691D /* FQImageButton.m */ = {isa = PBXFileReference; fileEncoding = 4; lastKnownFileType = sourcecode.c.objc; path = FQImageButton.m; sourceTree = "<group>"; };
		B9229D4C229D66E90030691D /* FQImageButton.h */ = {isa = PBXFileReference; fileEncoding = 4; lastKnownFileType = sourcecode.c.h; path = FQImageButton.h; sourceTree = "<group>"; };
		B9229D5C229E219A0030691D /* en */ = {isa = PBXFileReference; lastKnownFileType = text.plist.strings; name = en; path = en.lproj/Main.strings; sourceTree = "<group>"; };
		B9229D5D229E219A0030691D /* en */ = {isa = PBXFileReference; lastKnownFileType = text.plist.strings; name = en; path = en.lproj/LaunchScreen.strings; sourceTree = "<group>"; };
		B9229D5E229E21D30030691D /* zh-Hans */ = {isa = PBXFileReference; lastKnownFileType = text.plist.strings; name = "zh-Hans"; path = "zh-Hans.lproj/Main.strings"; sourceTree = "<group>"; };
		B9229D5F229E21D30030691D /* zh-Hans */ = {isa = PBXFileReference; lastKnownFileType = text.plist.strings; name = "zh-Hans"; path = "zh-Hans.lproj/LaunchScreen.strings"; sourceTree = "<group>"; };
		B9229D63229E21EF0030691D /* zh-Hans */ = {isa = PBXFileReference; lastKnownFileType = text.plist.strings; name = "zh-Hans"; path = "zh-Hans.lproj/Localizable.strings"; sourceTree = "<group>"; };
		B9229D65229E21F30030691D /* en */ = {isa = PBXFileReference; lastKnownFileType = text.plist.strings; name = en; path = en.lproj/Localizable.strings; sourceTree = "<group>"; };
		B9229D66229E2DE80030691D /* LGMatchListView.h */ = {isa = PBXFileReference; lastKnownFileType = sourcecode.c.h; path = LGMatchListView.h; sourceTree = "<group>"; };
		B9229D67229E2DE80030691D /* LGMatchListView.m */ = {isa = PBXFileReference; lastKnownFileType = sourcecode.c.objc; path = LGMatchListView.m; sourceTree = "<group>"; };
		B9229D69229E39A70030691D /* LGMatchListViewModel.h */ = {isa = PBXFileReference; lastKnownFileType = sourcecode.c.h; path = LGMatchListViewModel.h; sourceTree = "<group>"; };
		B9229D6A229E39A70030691D /* LGMatchListViewModel.m */ = {isa = PBXFileReference; lastKnownFileType = sourcecode.c.objc; path = LGMatchListViewModel.m; sourceTree = "<group>"; };
		B9229D6D229E5FB80030691D /* FQNetworkReachabilityManager.h */ = {isa = PBXFileReference; fileEncoding = 4; lastKnownFileType = sourcecode.c.h; path = FQNetworkReachabilityManager.h; sourceTree = "<group>"; };
		B9229D6E229E5FB80030691D /* FQNetworkManager.h */ = {isa = PBXFileReference; fileEncoding = 4; lastKnownFileType = sourcecode.c.h; path = FQNetworkManager.h; sourceTree = "<group>"; };
		B9229D71229E5FB80030691D /* FQNetworkManager.m */ = {isa = PBXFileReference; fileEncoding = 4; lastKnownFileType = sourcecode.c.objc; path = FQNetworkManager.m; sourceTree = "<group>"; };
		B9229D73229E5FB80030691D /* FQNetworkReachabilityManager.m */ = {isa = PBXFileReference; fileEncoding = 4; lastKnownFileType = sourcecode.c.objc; path = FQNetworkReachabilityManager.m; sourceTree = "<group>"; };
		B9229D7B229E6EC90030691D /* LGBasicRequest.h */ = {isa = PBXFileReference; lastKnownFileType = sourcecode.c.h; path = LGBasicRequest.h; sourceTree = "<group>"; };
		B9229D7C229E6EC90030691D /* LGBasicRequest.m */ = {isa = PBXFileReference; lastKnownFileType = sourcecode.c.objc; path = LGBasicRequest.m; sourceTree = "<group>"; };
		B9229D8A229E73500030691D /* LGMatchListKeys.h */ = {isa = PBXFileReference; lastKnownFileType = sourcecode.c.h; path = LGMatchListKeys.h; sourceTree = "<group>"; };
		B9229D8B229E74180030691D /* list_sample.json */ = {isa = PBXFileReference; fileEncoding = 4; lastKnownFileType = text.json; path = list_sample.json; sourceTree = "<group>"; };
		B9229D8E229E7D4A0030691D /* LGMatchListViewCell.h */ = {isa = PBXFileReference; lastKnownFileType = sourcecode.c.h; path = LGMatchListViewCell.h; sourceTree = "<group>"; };
		B9229D8F229E7D4A0030691D /* LGMatchListViewCell.m */ = {isa = PBXFileReference; lastKnownFileType = sourcecode.c.objc; path = LGMatchListViewCell.m; sourceTree = "<group>"; };
		B9229D91229EA6600030691D /* CALayer+FQExtension.h */ = {isa = PBXFileReference; lastKnownFileType = sourcecode.c.h; path = "CALayer+FQExtension.h"; sourceTree = "<group>"; };
		B9229D92229EA6600030691D /* CALayer+FQExtension.m */ = {isa = PBXFileReference; lastKnownFileType = sourcecode.c.objc; path = "CALayer+FQExtension.m"; sourceTree = "<group>"; };
		B9339F2722B7286F00C6AF15 /* LGMatchListRequest.h */ = {isa = PBXFileReference; lastKnownFileType = sourcecode.c.h; path = LGMatchListRequest.h; sourceTree = "<group>"; };
		B9339F2822B7286F00C6AF15 /* LGMatchListRequest.m */ = {isa = PBXFileReference; lastKnownFileType = sourcecode.c.objc; path = LGMatchListRequest.m; sourceTree = "<group>"; };
		B9339F2A22B766DF00C6AF15 /* LGMatchDetailRequest.h */ = {isa = PBXFileReference; lastKnownFileType = sourcecode.c.h; path = LGMatchDetailRequest.h; sourceTree = "<group>"; };
		B9339F2B22B766DF00C6AF15 /* LGMatchDetailRequest.m */ = {isa = PBXFileReference; lastKnownFileType = sourcecode.c.objc; path = LGMatchDetailRequest.m; sourceTree = "<group>"; };
		B945C1FC22B395E50031E82C /* detail_sample2.json */ = {isa = PBXFileReference; fileEncoding = 4; lastKnownFileType = text.json; path = detail_sample2.json; sourceTree = "<group>"; };
		B945C1FD22B395E50031E82C /* detail_sample1.json */ = {isa = PBXFileReference; fileEncoding = 4; lastKnownFileType = text.json; path = detail_sample1.json; sourceTree = "<group>"; };
		B949367D229BCBE7000C3D24 /* LightningGame.app */ = {isa = PBXFileReference; explicitFileType = wrapper.application; includeInIndex = 0; path = LightningGame.app; sourceTree = BUILT_PRODUCTS_DIR; };
		B9493680229BCBE7000C3D24 /* AppDelegate.h */ = {isa = PBXFileReference; lastKnownFileType = sourcecode.c.h; path = AppDelegate.h; sourceTree = "<group>"; };
		B9493681229BCBE7000C3D24 /* AppDelegate.m */ = {isa = PBXFileReference; lastKnownFileType = sourcecode.c.objc; path = AppDelegate.m; sourceTree = "<group>"; };
		B9493687229BCBE7000C3D24 /* Base */ = {isa = PBXFileReference; lastKnownFileType = file.storyboard; name = Base; path = Base.lproj/Main.storyboard; sourceTree = "<group>"; };
		B9493689229BCBE9000C3D24 /* Assets.xcassets */ = {isa = PBXFileReference; lastKnownFileType = folder.assetcatalog; path = Assets.xcassets; sourceTree = "<group>"; };
		B949368C229BCBE9000C3D24 /* Base */ = {isa = PBXFileReference; lastKnownFileType = file.storyboard; name = Base; path = Base.lproj/LaunchScreen.storyboard; sourceTree = "<group>"; };
		B949368E229BCBE9000C3D24 /* Info.plist */ = {isa = PBXFileReference; lastKnownFileType = text.plist.xml; path = Info.plist; sourceTree = "<group>"; };
		B949368F229BCBE9000C3D24 /* main.m */ = {isa = PBXFileReference; lastKnownFileType = sourcecode.c.objc; path = main.m; sourceTree = "<group>"; };
		B9493695229BCBE9000C3D24 /* LightningGameTests.xctest */ = {isa = PBXFileReference; explicitFileType = wrapper.cfbundle; includeInIndex = 0; path = LightningGameTests.xctest; sourceTree = BUILT_PRODUCTS_DIR; };
		B9493699229BCBE9000C3D24 /* LightningGameTests.m */ = {isa = PBXFileReference; lastKnownFileType = sourcecode.c.objc; path = LightningGameTests.m; sourceTree = "<group>"; };
		B949369B229BCBE9000C3D24 /* Info.plist */ = {isa = PBXFileReference; lastKnownFileType = text.plist.xml; path = Info.plist; sourceTree = "<group>"; };
		B94936A0229BCBE9000C3D24 /* LightningGameUITests.xctest */ = {isa = PBXFileReference; explicitFileType = wrapper.cfbundle; includeInIndex = 0; path = LightningGameUITests.xctest; sourceTree = BUILT_PRODUCTS_DIR; };
		B94936A4229BCBE9000C3D24 /* LightningGameUITests.m */ = {isa = PBXFileReference; lastKnownFileType = sourcecode.c.objc; path = LightningGameUITests.m; sourceTree = "<group>"; };
		B94936A6229BCBE9000C3D24 /* Info.plist */ = {isa = PBXFileReference; lastKnownFileType = text.plist.xml; path = Info.plist; sourceTree = "<group>"; };
		B94E4FAB22B79CA700A56F13 /* FQAbstractPlayerView.m */ = {isa = PBXFileReference; fileEncoding = 4; lastKnownFileType = sourcecode.c.objc; path = FQAbstractPlayerView.m; sourceTree = "<group>"; };
		B94E4FAC22B79CA700A56F13 /* FQAbstractPlayerView.h */ = {isa = PBXFileReference; fileEncoding = 4; lastKnownFileType = sourcecode.c.h; path = FQAbstractPlayerView.h; sourceTree = "<group>"; };
		B94E4FAE22B79CAD00A56F13 /* FQAVPlayerView.m */ = {isa = PBXFileReference; fileEncoding = 4; lastKnownFileType = sourcecode.c.objc; path = FQAVPlayerView.m; sourceTree = "<group>"; };
		B94E4FAF22B79CAD00A56F13 /* FQAVPlayerView.h */ = {isa = PBXFileReference; fileEncoding = 4; lastKnownFileType = sourcecode.c.h; path = FQAVPlayerView.h; sourceTree = "<group>"; };
		B94E4FB122B79CB600A56F13 /* FQPlayerOperateView.h */ = {isa = PBXFileReference; fileEncoding = 4; lastKnownFileType = sourcecode.c.h; path = FQPlayerOperateView.h; sourceTree = "<group>"; };
		B94E4FB222B79CB600A56F13 /* FQPlayerOperateView.m */ = {isa = PBXFileReference; fileEncoding = 4; lastKnownFileType = sourcecode.c.objc; path = FQPlayerOperateView.m; sourceTree = "<group>"; };
		B94E4FB522B7B9C000A56F13 /* LGMatchDetailPlayerView.h */ = {isa = PBXFileReference; lastKnownFileType = sourcecode.c.h; path = LGMatchDetailPlayerView.h; sourceTree = "<group>"; };
		B94E4FB622B7B9C000A56F13 /* LGMatchDetailPlayerView.m */ = {isa = PBXFileReference; lastKnownFileType = sourcecode.c.objc; path = LGMatchDetailPlayerView.m; sourceTree = "<group>"; };
		B9609CCA22B26D93003005BA /* LGMatchDetailTableViewCell.h */ = {isa = PBXFileReference; lastKnownFileType = sourcecode.c.h; path = LGMatchDetailTableViewCell.h; sourceTree = "<group>"; };
		B9609CCB22B26D93003005BA /* LGMatchDetailTableViewCell.m */ = {isa = PBXFileReference; lastKnownFileType = sourcecode.c.objc; path = LGMatchDetailTableViewCell.m; sourceTree = "<group>"; };
		B9609CD022B36CCD003005BA /* LGMatchListOddsView.h */ = {isa = PBXFileReference; lastKnownFileType = sourcecode.c.h; path = LGMatchListOddsView.h; sourceTree = "<group>"; };
		B9609CD122B36CCD003005BA /* LGMatchListOddsView.m */ = {isa = PBXFileReference; lastKnownFileType = sourcecode.c.objc; path = LGMatchListOddsView.m; sourceTree = "<group>"; };
		B9609CD322B36EA5003005BA /* LGMatchDetailOddsView.h */ = {isa = PBXFileReference; lastKnownFileType = sourcecode.c.h; path = LGMatchDetailOddsView.h; sourceTree = "<group>"; };
		B9609CD422B36EA5003005BA /* LGMatchDetailOddsView.m */ = {isa = PBXFileReference; lastKnownFileType = sourcecode.c.objc; path = LGMatchDetailOddsView.m; sourceTree = "<group>"; };
		B9727B1122B771BF002B335C /* LGMatchDetailHeaderView.h */ = {isa = PBXFileReference; lastKnownFileType = sourcecode.c.h; path = LGMatchDetailHeaderView.h; sourceTree = "<group>"; };
		B9727B1222B771BF002B335C /* LGMatchDetailHeaderView.m */ = {isa = PBXFileReference; lastKnownFileType = sourcecode.c.objc; path = LGMatchDetailHeaderView.m; sourceTree = "<group>"; };
		B9BE555122B8869000D04395 /* UIView+FQRotatable.h */ = {isa = PBXFileReference; lastKnownFileType = sourcecode.c.h; path = "UIView+FQRotatable.h"; sourceTree = "<group>"; };
		B9BE555222B8869000D04395 /* UIView+FQRotatable.m */ = {isa = PBXFileReference; lastKnownFileType = sourcecode.c.objc; path = "UIView+FQRotatable.m"; sourceTree = "<group>"; };
		B9BE555722B8D62700D04395 /* FQPlayerConfig.h */ = {isa = PBXFileReference; lastKnownFileType = sourcecode.c.h; path = FQPlayerConfig.h; sourceTree = "<group>"; };
		B9BE555822B908BE00D04395 /* LGOAuthRequest.h */ = {isa = PBXFileReference; lastKnownFileType = sourcecode.c.h; path = LGOAuthRequest.h; sourceTree = "<group>"; };
		B9BE555922B908BE00D04395 /* LGOAuthRequest.m */ = {isa = PBXFileReference; lastKnownFileType = sourcecode.c.objc; path = LGOAuthRequest.m; sourceTree = "<group>"; };
		B9C3A162229F7DEB00E282B0 /* LGMatchBasicOddsView.h */ = {isa = PBXFileReference; lastKnownFileType = sourcecode.c.h; path = LGMatchBasicOddsView.h; sourceTree = "<group>"; };
		B9C3A163229F7DEB00E282B0 /* LGMatchBasicOddsView.m */ = {isa = PBXFileReference; lastKnownFileType = sourcecode.c.objc; path = LGMatchBasicOddsView.m; sourceTree = "<group>"; };
		B9C3A165229F842200E282B0 /* NSObject+MsgForwarding.m */ = {isa = PBXFileReference; fileEncoding = 4; lastKnownFileType = sourcecode.c.objc; path = "NSObject+MsgForwarding.m"; sourceTree = "<group>"; };
		B9C3A166229F842200E282B0 /* NSObject+MsgForwarding.h */ = {isa = PBXFileReference; fileEncoding = 4; lastKnownFileType = sourcecode.c.h; path = "NSObject+MsgForwarding.h"; sourceTree = "<group>"; };
		B9C3A168229F93F100E282B0 /* FQComponentFactory.h */ = {isa = PBXFileReference; lastKnownFileType = sourcecode.c.h; path = FQComponentFactory.h; sourceTree = "<group>"; };
		B9C3A169229F93F100E282B0 /* FQComponentFactory.m */ = {isa = PBXFileReference; lastKnownFileType = sourcecode.c.objc; path = FQComponentFactory.m; sourceTree = "<group>"; };
		B9C3A16B229FA3F800E282B0 /* LGMarqueeView.h */ = {isa = PBXFileReference; lastKnownFileType = sourcecode.c.h; path = LGMarqueeView.h; sourceTree = "<group>"; };
		B9C3A16C229FA3F800E282B0 /* LGMarqueeView.m */ = {isa = PBXFileReference; lastKnownFileType = sourcecode.c.objc; path = LGMarqueeView.m; sourceTree = "<group>"; };
		B9C3A16E229FC38E00E282B0 /* LGMarqueeViewModel.h */ = {isa = PBXFileReference; lastKnownFileType = sourcecode.c.h; path = LGMarqueeViewModel.h; sourceTree = "<group>"; };
		B9C3A16F229FC38E00E282B0 /* LGMarqueeViewModel.m */ = {isa = PBXFileReference; lastKnownFileType = sourcecode.c.objc; path = LGMarqueeViewModel.m; sourceTree = "<group>"; };
		B9C3A17122A0C4ED00E282B0 /* detail_sample.json */ = {isa = PBXFileReference; fileEncoding = 4; lastKnownFileType = text.json; path = detail_sample.json; sourceTree = "<group>"; };
		B9C3A17322A0D21400E282B0 /* LGMatchParlayView.h */ = {isa = PBXFileReference; lastKnownFileType = sourcecode.c.h; path = LGMatchParlayView.h; sourceTree = "<group>"; };
		B9C3A17422A0D21400E282B0 /* LGMatchParlayView.m */ = {isa = PBXFileReference; lastKnownFileType = sourcecode.c.objc; path = LGMatchParlayView.m; sourceTree = "<group>"; };
		B9C3A17722A0F9F700E282B0 /* LGSignUpViewController.h */ = {isa = PBXFileReference; lastKnownFileType = sourcecode.c.h; path = LGSignUpViewController.h; sourceTree = "<group>"; };
		B9C3A17822A0F9F700E282B0 /* LGSignUpViewController.m */ = {isa = PBXFileReference; lastKnownFileType = sourcecode.c.objc; path = LGSignUpViewController.m; sourceTree = "<group>"; };
		B9C3A17A22A0FA2600E282B0 /* LGSignInViewController.h */ = {isa = PBXFileReference; lastKnownFileType = sourcecode.c.h; path = LGSignInViewController.h; sourceTree = "<group>"; };
		B9C3A17B22A0FA2600E282B0 /* LGSignInViewController.m */ = {isa = PBXFileReference; lastKnownFileType = sourcecode.c.objc; path = LGSignInViewController.m; sourceTree = "<group>"; };
		B9D9101322ABA64500D54911 /* CTMediator.h */ = {isa = PBXFileReference; fileEncoding = 4; lastKnownFileType = sourcecode.c.h; path = CTMediator.h; sourceTree = "<group>"; };
		B9D9101422ABA64500D54911 /* CTMediator.m */ = {isa = PBXFileReference; fileEncoding = 4; lastKnownFileType = sourcecode.c.objc; path = CTMediator.m; sourceTree = "<group>"; };
		B9D9101722ABA6E700D54911 /* Target_SignIn.h */ = {isa = PBXFileReference; fileEncoding = 4; lastKnownFileType = sourcecode.c.h; path = Target_SignIn.h; sourceTree = "<group>"; };
		B9D9101822ABA6E700D54911 /* Target_SignIn.m */ = {isa = PBXFileReference; fileEncoding = 4; lastKnownFileType = sourcecode.c.objc; path = Target_SignIn.m; sourceTree = "<group>"; };
		B9D9101C22ABA71A00D54911 /* Target_Main.m */ = {isa = PBXFileReference; fileEncoding = 4; lastKnownFileType = sourcecode.c.objc; path = Target_Main.m; sourceTree = "<group>"; };
		B9D9101D22ABA71A00D54911 /* Target_Main.h */ = {isa = PBXFileReference; fileEncoding = 4; lastKnownFileType = sourcecode.c.h; path = Target_Main.h; sourceTree = "<group>"; };
		B9D9102222ABA73F00D54911 /* CTMediator+LGMainActions.h */ = {isa = PBXFileReference; fileEncoding = 4; lastKnownFileType = sourcecode.c.h; path = "CTMediator+LGMainActions.h"; sourceTree = "<group>"; };
		B9D9102322ABA73F00D54911 /* CTMediator+LGMainActions.m */ = {isa = PBXFileReference; fileEncoding = 4; lastKnownFileType = sourcecode.c.objc; path = "CTMediator+LGMainActions.m"; sourceTree = "<group>"; };
		B9D9102522ABA74600D54911 /* CTMediator+LGSignActions.m */ = {isa = PBXFileReference; fileEncoding = 4; lastKnownFileType = sourcecode.c.objc; path = "CTMediator+LGSignActions.m"; sourceTree = "<group>"; };
		B9D9102622ABA74600D54911 /* CTMediator+LGSignActions.h */ = {isa = PBXFileReference; fileEncoding = 4; lastKnownFileType = sourcecode.c.h; path = "CTMediator+LGSignActions.h"; sourceTree = "<group>"; };
		B9D9102B22ADF36A00D54911 /* LGLoadingView.h */ = {isa = PBXFileReference; lastKnownFileType = sourcecode.c.h; path = LGLoadingView.h; sourceTree = "<group>"; };
		B9D9102C22ADF36A00D54911 /* LGLoadingView.m */ = {isa = PBXFileReference; lastKnownFileType = sourcecode.c.objc; path = LGLoadingView.m; sourceTree = "<group>"; };
		B9D9102F22ADFD3400D54911 /* LGDatePickerView.h */ = {isa = PBXFileReference; lastKnownFileType = sourcecode.c.h; path = LGDatePickerView.h; sourceTree = "<group>"; };
		B9D9103022ADFD3400D54911 /* LGDatePickerView.m */ = {isa = PBXFileReference; lastKnownFileType = sourcecode.c.objc; path = LGDatePickerView.m; sourceTree = "<group>"; };
		B9D9103222AE0D9800D54911 /* LGDatePickerViewModel.h */ = {isa = PBXFileReference; lastKnownFileType = sourcecode.c.h; path = LGDatePickerViewModel.h; sourceTree = "<group>"; };
		B9D9103322AE0D9800D54911 /* LGDatePickerViewModel.m */ = {isa = PBXFileReference; lastKnownFileType = sourcecode.c.objc; path = LGDatePickerViewModel.m; sourceTree = "<group>"; };
		B9D9103522AE46EA00D54911 /* LGDatePickerTableView.h */ = {isa = PBXFileReference; lastKnownFileType = sourcecode.c.h; path = LGDatePickerTableView.h; sourceTree = "<group>"; };
		B9D9103622AE46EA00D54911 /* LGDatePickerTableView.m */ = {isa = PBXFileReference; lastKnownFileType = sourcecode.c.objc; path = LGDatePickerTableView.m; sourceTree = "<group>"; };
		B9D9103C22AE819900D54911 /* LGProfileViewController.h */ = {isa = PBXFileReference; lastKnownFileType = sourcecode.c.h; path = LGProfileViewController.h; sourceTree = "<group>"; };
		B9D9103D22AE819900D54911 /* LGProfileViewController.m */ = {isa = PBXFileReference; lastKnownFileType = sourcecode.c.objc; path = LGProfileViewController.m; sourceTree = "<group>"; };
		B9D9104022AE81B400D54911 /* Target_Profile.h */ = {isa = PBXFileReference; lastKnownFileType = sourcecode.c.h; path = Target_Profile.h; sourceTree = "<group>"; };
		B9D9104122AE81B400D54911 /* Target_Profile.m */ = {isa = PBXFileReference; lastKnownFileType = sourcecode.c.objc; path = Target_Profile.m; sourceTree = "<group>"; };
		B9D9104422AE820200D54911 /* CTMediator+LGProfileActions.h */ = {isa = PBXFileReference; lastKnownFileType = sourcecode.c.h; path = "CTMediator+LGProfileActions.h"; sourceTree = "<group>"; };
		B9D9104522AE820200D54911 /* CTMediator+LGProfileActions.m */ = {isa = PBXFileReference; lastKnownFileType = sourcecode.c.objc; path = "CTMediator+LGProfileActions.m"; sourceTree = "<group>"; };
		B9D9104722AE84DF00D54911 /* FQAnimatedTransitioning.h */ = {isa = PBXFileReference; fileEncoding = 4; lastKnownFileType = sourcecode.c.h; path = FQAnimatedTransitioning.h; sourceTree = "<group>"; };
		B9D9104822AE84DF00D54911 /* FQAnimatedTransitioning.m */ = {isa = PBXFileReference; fileEncoding = 4; lastKnownFileType = sourcecode.c.objc; path = FQAnimatedTransitioning.m; sourceTree = "<group>"; };
		B9D9104D22B0EDC000D54911 /* NSDictionary+FQExtension.h */ = {isa = PBXFileReference; lastKnownFileType = sourcecode.c.h; path = "NSDictionary+FQExtension.h"; sourceTree = "<group>"; };
		B9D9104E22B0EDC000D54911 /* NSDictionary+FQExtension.m */ = {isa = PBXFileReference; lastKnownFileType = sourcecode.c.objc; path = "NSDictionary+FQExtension.m"; sourceTree = "<group>"; };
		B9D9105022B1EA9F00D54911 /* LGMatchDetailViewModel.h */ = {isa = PBXFileReference; lastKnownFileType = sourcecode.c.h; path = LGMatchDetailViewModel.h; sourceTree = "<group>"; };
		B9D9105122B1EA9F00D54911 /* LGMatchDetailViewModel.m */ = {isa = PBXFileReference; lastKnownFileType = sourcecode.c.objc; path = LGMatchDetailViewModel.m; sourceTree = "<group>"; };
		B9F61A5222A4BCD500CDC29E /* LGServiceButton.h */ = {isa = PBXFileReference; lastKnownFileType = sourcecode.c.h; path = LGServiceButton.h; sourceTree = "<group>"; };
		B9F61A5322A4BCD500CDC29E /* LGServiceButton.m */ = {isa = PBXFileReference; lastKnownFileType = sourcecode.c.objc; path = LGServiceButton.m; sourceTree = "<group>"; };
		B9F61A5522A4C7BA00CDC29E /* LGSignFieldView.h */ = {isa = PBXFileReference; lastKnownFileType = sourcecode.c.h; path = LGSignFieldView.h; sourceTree = "<group>"; };
		B9F61A5622A4C7BA00CDC29E /* LGSignFieldView.m */ = {isa = PBXFileReference; lastKnownFileType = sourcecode.c.objc; path = LGSignFieldView.m; sourceTree = "<group>"; };
		B9F61A5822A4F5F100CDC29E /* LGForgetPwdViewController.h */ = {isa = PBXFileReference; lastKnownFileType = sourcecode.c.h; path = LGForgetPwdViewController.h; sourceTree = "<group>"; };
		B9F61A5922A4F5F100CDC29E /* LGForgetPwdViewController.m */ = {isa = PBXFileReference; lastKnownFileType = sourcecode.c.objc; path = LGForgetPwdViewController.m; sourceTree = "<group>"; };
		B9F61A5B22A5001900CDC29E /* LGMatchParlayTableView.h */ = {isa = PBXFileReference; lastKnownFileType = sourcecode.c.h; path = LGMatchParlayTableView.h; sourceTree = "<group>"; };
		B9F61A5C22A5001900CDC29E /* LGMatchParlayTableView.m */ = {isa = PBXFileReference; lastKnownFileType = sourcecode.c.objc; path = LGMatchParlayTableView.m; sourceTree = "<group>"; };
		B9F61A5E22A5044800CDC29E /* LGMatchParlayTableViewCell.h */ = {isa = PBXFileReference; lastKnownFileType = sourcecode.c.h; path = LGMatchParlayTableViewCell.h; sourceTree = "<group>"; };
		B9F61A5F22A5044800CDC29E /* LGMatchParlayTableViewCell.m */ = {isa = PBXFileReference; lastKnownFileType = sourcecode.c.objc; path = LGMatchParlayTableViewCell.m; sourceTree = "<group>"; };
		B9F61A6422A6060F00CDC29E /* LGMatchParlayKeyboard.h */ = {isa = PBXFileReference; lastKnownFileType = sourcecode.c.h; path = LGMatchParlayKeyboard.h; sourceTree = "<group>"; };
		B9F61A6522A6060F00CDC29E /* LGMatchParlayKeyboard.m */ = {isa = PBXFileReference; lastKnownFileType = sourcecode.c.objc; path = LGMatchParlayKeyboard.m; sourceTree = "<group>"; };
		B9F61A6722A63B0C00CDC29E /* LGMatchParlayTextField.h */ = {isa = PBXFileReference; lastKnownFileType = sourcecode.c.h; path = LGMatchParlayTextField.h; sourceTree = "<group>"; };
		B9F61A6822A63B0C00CDC29E /* LGMatchParlayTextField.m */ = {isa = PBXFileReference; lastKnownFileType = sourcecode.c.objc; path = LGMatchParlayTextField.m; sourceTree = "<group>"; };
		B9F61A6A22A6566300CDC29E /* LGToastView.h */ = {isa = PBXFileReference; lastKnownFileType = sourcecode.c.h; path = LGToastView.h; sourceTree = "<group>"; };
		B9F61A6B22A6566300CDC29E /* LGToastView.m */ = {isa = PBXFileReference; lastKnownFileType = sourcecode.c.objc; path = LGToastView.m; sourceTree = "<group>"; };
		B9F61A6D22A75A6700CDC29E /* LGMatchParlayBottomView.h */ = {isa = PBXFileReference; lastKnownFileType = sourcecode.c.h; path = LGMatchParlayBottomView.h; sourceTree = "<group>"; };
		B9F61A6E22A75A6700CDC29E /* LGMatchParlayBottomView.m */ = {isa = PBXFileReference; lastKnownFileType = sourcecode.c.objc; path = LGMatchParlayBottomView.m; sourceTree = "<group>"; };
/* End PBXFileReference section */

/* Begin PBXFrameworksBuildPhase section */
		B949367A229BCBE7000C3D24 /* Frameworks */ = {
			isa = PBXFrameworksBuildPhase;
			buildActionMask = 2147483647;
			files = (
				0D112DA8654C0849D5EFFA56 /* Pods_LightningGame.framework in Frameworks */,
			);
			runOnlyForDeploymentPostprocessing = 0;
		};
		B9493692229BCBE9000C3D24 /* Frameworks */ = {
			isa = PBXFrameworksBuildPhase;
			buildActionMask = 2147483647;
			files = (
			);
			runOnlyForDeploymentPostprocessing = 0;
		};
		B949369D229BCBE9000C3D24 /* Frameworks */ = {
			isa = PBXFrameworksBuildPhase;
			buildActionMask = 2147483647;
			files = (
			);
			runOnlyForDeploymentPostprocessing = 0;
		};
/* End PBXFrameworksBuildPhase section */

/* Begin PBXGroup section */
		36353B721624CB4A646F5245 /* Pods */ = {
			isa = PBXGroup;
			children = (
				B4FF264629B3E02E0CEE385C /* Pods-LightningGame.debug.xcconfig */,
				64A99286D4ECBEFE1FFB1F50 /* Pods-LightningGame.release.xcconfig */,
			);
			path = Pods;
			sourceTree = "<group>";
		};
		6885C3F1B057703E63285D66 /* Frameworks */ = {
			isa = PBXGroup;
			children = (
				88F08F033B20F8D98FFE1641 /* Pods_LightningGame.framework */,
			);
			name = Frameworks;
			sourceTree = "<group>";
		};
		B91A761D22A7D84900155607 /* Account */ = {
			isa = PBXGroup;
			children = (
				B91A763022A8E26700155607 /* LGAccountKeys.h */,
				B91A761E22A7D85F00155607 /* LGAccountManager.h */,
				B91A761F22A7D85F00155607 /* LGAccountManager.m */,
			);
			path = Account;
			sourceTree = "<group>";
		};
		B91A762422A8AEA400155607 /* Management */ = {
			isa = PBXGroup;
			children = (
				B91A762522A8AF1300155607 /* LGSignFlowManager.h */,
				B91A762622A8AF1300155607 /* LGSignFlowManager.m */,
			);
			path = Management;
			sourceTree = "<group>";
		};
		B9229CE4229BEBC80030691D /* Resource */ = {
			isa = PBXGroup;
			children = (
			);
			path = Resource;
			sourceTree = "<group>";
		};
		B9229CE5229BEBDA0030691D /* Business */ = {
			isa = PBXGroup;
			children = (
				B9D9102822ABA75500D54911 /* Splash */,
				B9D9103822AE810300D54911 /* Profile */,
				B9229D16229CCAED0030691D /* Main */,
				B9C3A17622A0F8AE00E282B0 /* Sign */,
				B91A761D22A7D84900155607 /* Account */,
				B9F61A5022A4BC0F00CDC29E /* CommonUI */,
			);
			path = Business;
			sourceTree = "<group>";
		};
		B9229CE6229BEBEA0030691D /* Service */ = {
			isa = PBXGroup;
			children = (
				B9229CE8229BEC260030691D /* Basic */,
				B9D9101222ABA61500D54911 /* Mediator */,
				B9229D79229E61E20030691D /* Track */,
				B9229D6C229E5FA60030691D /* Network */,
			);
			path = Service;
			sourceTree = "<group>";
		};
		B9229CE8229BEC260030691D /* Basic */ = {
			isa = PBXGroup;
			children = (
				B99924F122BA0B1E001F492E /* Transitions */,
				B9229D13229C04D80030691D /* FQGuarder */,
				B9229CF1229BED0F0030691D /* Scaffold */,
			);
			path = Basic;
			sourceTree = "<group>";
		};
		B9229CE9229BEC600030691D /* Utility */ = {
			isa = PBXGroup;
			children = (
				B9229D3F229D02FA0030691D /* Tools */,
				B9229CED229BECCE0030691D /* View */,
				B9229CEA229BEC680030691D /* Macro */,
			);
			path = Utility;
			sourceTree = "<group>";
		};
		B9229CEA229BEC680030691D /* Macro */ = {
			isa = PBXGroup;
			children = (
				B9229CEB229BEC990030691D /* FQMacroDefine.h */,
			);
			path = Macro;
			sourceTree = "<group>";
		};
		B9229CED229BECCE0030691D /* View */ = {
			isa = PBXGroup;
			children = (
				B94E4FB422B79CBC00A56F13 /* Player */,
				B9229D4C229D66E90030691D /* FQImageButton.h */,
				B9229D4B229D66E90030691D /* FQImageButton.m */,
				B9229D45229D07260030691D /* FQSegmentedControl.h */,
				B9229D46229D07260030691D /* FQSegmentedControl.m */,
				B9229D28229CF2A10030691D /* FQNavigationBar.h */,
				B9229D27229CF2A10030691D /* FQNavigationBar.m */,
				B9229CEE229BECE00030691D /* YYFPSLabel.h */,
				B9229CEF229BECE00030691D /* YYFPSLabel.m */,
			);
			path = View;
			sourceTree = "<group>";
		};
		B9229CF1229BED0F0030691D /* Scaffold */ = {
			isa = PBXGroup;
			children = (
				B9229D0A229BF04F0030691D /* NSDate+FQExtension.h */,
				B9229D08229BF04F0030691D /* NSDate+FQExtension.m */,
				B9229D09229BF04F0030691D /* UIImage+FQExtension.h */,
				B9229D0B229BF04F0030691D /* UIImage+FQExtension.m */,
				B9229D0C229BF04F0030691D /* UIView+FQExtension.h */,
				B9229D07229BF04F0030691D /* UIView+FQExtension.m */,
				B9BE555122B8869000D04395 /* UIView+FQRotatable.h */,
				B9BE555222B8869000D04395 /* UIView+FQRotatable.m */,
				B9229D91229EA6600030691D /* CALayer+FQExtension.h */,
				B9229D92229EA6600030691D /* CALayer+FQExtension.m */,
				B9229CFB229BEEC00030691D /* UIImageView+FQExtension.h */,
				B9229CFD229BEEC00030691D /* UIImageView+FQExtension.m */,
				B9229CFC229BEEC00030691D /* UIScrollView+FQEmptyData.h */,
				B9229D00229BEEC00030691D /* UIScrollView+FQEmptyData.m */,
				B9229CF2229BED190030691D /* UINavigationController+FQExtension.h */,
				B9229CF3229BED190030691D /* UINavigationController+FQExtension.m */,
				B9229D1E229CCBCA0030691D /* UIViewController+FQExtension.h */,
				B9229D1F229CCBCA0030691D /* UIViewController+FQExtension.m */,
				B9D9104D22B0EDC000D54911 /* NSDictionary+FQExtension.h */,
				B9D9104E22B0EDC000D54911 /* NSDictionary+FQExtension.m */,
			);
			path = Scaffold;
			sourceTree = "<group>";
		};
		B9229D13229C04D80030691D /* FQGuarder */ = {
			isa = PBXGroup;
			children = (
				B9C3A166229F842200E282B0 /* NSObject+MsgForwarding.h */,
				B9C3A165229F842200E282B0 /* NSObject+MsgForwarding.m */,
				B9229CFF229BEEC00030691D /* NSArray+FQNilExamine.h */,
				B9229CF6229BEEBF0030691D /* NSArray+FQNilExamine.m */,
				B9229CF5229BEEBF0030691D /* NSDictionary+FQNilExamine.h */,
				B9229CFE229BEEC00030691D /* NSDictionary+FQNilExamine.m */,
				B9229CF7229BEEBF0030691D /* NSAttributedString+FQNilExamine.h */,
				B9229CF9229BEEBF0030691D /* NSAttributedString+FQNilExamine.m */,
				B9229CFA229BEEC00030691D /* NSString+FQNilExamine.h */,
				B9229CF8229BEEBF0030691D /* NSString+FQNilExamine.m */,
			);
			path = FQGuarder;
			sourceTree = "<group>";
		};
		B9229D16229CCAED0030691D /* Main */ = {
			isa = PBXGroup;
			children = (
				B9D9101B22ABA70D00D54911 /* Actions */,
				B9229D8D229E7D2C0030691D /* Cell */,
				B9229D1A229CCB0D0030691D /* Model */,
				B9229D18229CCAFE0030691D /* View */,
				B9229D17229CCAF60030691D /* ViewController */,
				B9229D19229CCB050030691D /* ViewModel */,
			);
			path = Main;
			sourceTree = "<group>";
		};
		B9229D17229CCAF60030691D /* ViewController */ = {
			isa = PBXGroup;
			children = (
				B9229D1B229CCB270030691D /* LGMainViewController.h */,
				B9229D1C229CCB270030691D /* LGMainViewController.m */,
				B9229D21229CD3180030691D /* LGMatchDetailViewController.h */,
				B9229D22229CD3180030691D /* LGMatchDetailViewController.m */,
			);
			path = ViewController;
			sourceTree = "<group>";
		};
		B9229D18229CCAFE0030691D /* View */ = {
			isa = PBXGroup;
			children = (
				B945C1FB22B391C60031E82C /* MatchOddsView */,
				B9D9102E22ADFD0200D54911 /* MatchParlayView */,
				B9229D66229E2DE80030691D /* LGMatchListView.h */,
				B9229D67229E2DE80030691D /* LGMatchListView.m */,
				B9C3A16B229FA3F800E282B0 /* LGMarqueeView.h */,
				B9C3A16C229FA3F800E282B0 /* LGMarqueeView.m */,
				B9D9102F22ADFD3400D54911 /* LGDatePickerView.h */,
				B9D9103022ADFD3400D54911 /* LGDatePickerView.m */,
				B9D9103522AE46EA00D54911 /* LGDatePickerTableView.h */,
				B9D9103622AE46EA00D54911 /* LGDatePickerTableView.m */,
				B9727B1122B771BF002B335C /* LGMatchDetailHeaderView.h */,
				B9727B1222B771BF002B335C /* LGMatchDetailHeaderView.m */,
				B94E4FB522B7B9C000A56F13 /* LGMatchDetailPlayerView.h */,
				B94E4FB622B7B9C000A56F13 /* LGMatchDetailPlayerView.m */,
			);
			path = View;
			sourceTree = "<group>";
		};
		B9229D19229CCB050030691D /* ViewModel */ = {
			isa = PBXGroup;
			children = (
				B9229D69229E39A70030691D /* LGMatchListViewModel.h */,
				B9229D6A229E39A70030691D /* LGMatchListViewModel.m */,
				B9D9105022B1EA9F00D54911 /* LGMatchDetailViewModel.h */,
				B9D9105122B1EA9F00D54911 /* LGMatchDetailViewModel.m */,
				B9C3A16E229FC38E00E282B0 /* LGMarqueeViewModel.h */,
				B9C3A16F229FC38E00E282B0 /* LGMarqueeViewModel.m */,
				B9D9103222AE0D9800D54911 /* LGDatePickerViewModel.h */,
				B9D9103322AE0D9800D54911 /* LGDatePickerViewModel.m */,
			);
			path = ViewModel;
			sourceTree = "<group>";
		};
		B9229D1A229CCB0D0030691D /* Model */ = {
			isa = PBXGroup;
			children = (
				B9229D8B229E74180030691D /* list_sample.json */,
				B9C3A17122A0C4ED00E282B0 /* detail_sample.json */,
				B945C1FD22B395E50031E82C /* detail_sample1.json */,
				B945C1FC22B395E50031E82C /* detail_sample2.json */,
				B9229D8A229E73500030691D /* LGMatchListKeys.h */,
			);
			path = Model;
			sourceTree = "<group>";
		};
		B9229D3F229D02FA0030691D /* Tools */ = {
			isa = PBXGroup;
			children = (
				B9229D10229BF28D0030691D /* FQRunTimeUtility.h */,
				B9229D11229BF28D0030691D /* FQRunTimeUtility.m */,
				B9229D2A229CF63E0030691D /* FQSystemUtility.h */,
				B9229D2B229CF63E0030691D /* FQSystemUtility.m */,
				B9229D2D229CF8C40030691D /* FQEncryptionUtility.h */,
				B9229D2E229CF8C40030691D /* FQEncryptionUtility.m */,
				B9229D33229CFD940030691D /* FQFileManagerUtility.h */,
				B9229D34229CFD940030691D /* FQFileManagerUtility.m */,
				B9229D36229CFF280030691D /* FQGZipUtility.h */,
				B9229D37229CFF280030691D /* FQGZipUtility.m */,
				B9229D43229D03E20030691D /* FQAuthorizationHelper.h */,
				B9229D42229D03E20030691D /* FQAuthorizationHelper.m */,
				B9229D39229D011C0030691D /* FQLanguageManager.h */,
				B9229D3A229D011C0030691D /* FQLanguageManager.m */,
				B9229D3C229D02980030691D /* FQTimerManager.h */,
				B9229D3D229D02980030691D /* FQTimerManager.m */,
				B9229D48229D0B670030691D /* FQWindowUtility.h */,
				B9229D49229D0B670030691D /* FQWindowUtility.m */,
				B9C3A168229F93F100E282B0 /* FQComponentFactory.h */,
				B9C3A169229F93F100E282B0 /* FQComponentFactory.m */,
			);
			path = Tools;
			sourceTree = "<group>";
		};
		B9229D6C229E5FA60030691D /* Network */ = {
			isa = PBXGroup;
			children = (
				B9D9102922ABAB4E00D54911 /* Engine */,
				B9F61A5122A4BC5200CDC29E /* HTTPRequest */,
			);
			path = Network;
			sourceTree = "<group>";
		};
		B9229D79229E61E20030691D /* Track */ = {
			isa = PBXGroup;
			children = (
			);
			path = Track;
			sourceTree = "<group>";
		};
		B9229D7A229E6A680030691D /* APIRequest */ = {
			isa = PBXGroup;
			children = (
				B9229D7B229E6EC90030691D /* LGBasicRequest.h */,
				B9229D7C229E6EC90030691D /* LGBasicRequest.m */,
				B91A762122A7E40E00155607 /* LGVerifyCodeRequest.h */,
				B91A762222A7E40E00155607 /* LGVerifyCodeRequest.m */,
				B91A762822A8BB0C00155607 /* LGSignUpRequest.h */,
				B91A762922A8BB0C00155607 /* LGSignUpRequest.m */,
				B91A762D22A8DDE400155607 /* LGSignInRequest.h */,
				B91A762E22A8DDE400155607 /* LGSignInRequest.m */,
				B9BE555822B908BE00D04395 /* LGOAuthRequest.h */,
				B9BE555922B908BE00D04395 /* LGOAuthRequest.m */,
				B91A763422A910B700155607 /* LGForgetPwdRequest.h */,
				B91A763522A910B700155607 /* LGForgetPwdRequest.m */,
				B9339F2722B7286F00C6AF15 /* LGMatchListRequest.h */,
				B9339F2822B7286F00C6AF15 /* LGMatchListRequest.m */,
				B9339F2A22B766DF00C6AF15 /* LGMatchDetailRequest.h */,
				B9339F2B22B766DF00C6AF15 /* LGMatchDetailRequest.m */,
			);
			path = APIRequest;
			sourceTree = "<group>";
		};
		B9229D8D229E7D2C0030691D /* Cell */ = {
			isa = PBXGroup;
			children = (
				B9229D8E229E7D4A0030691D /* LGMatchListViewCell.h */,
				B9229D8F229E7D4A0030691D /* LGMatchListViewCell.m */,
				B9609CCA22B26D93003005BA /* LGMatchDetailTableViewCell.h */,
				B9609CCB22B26D93003005BA /* LGMatchDetailTableViewCell.m */,
				B9F61A5E22A5044800CDC29E /* LGMatchParlayTableViewCell.h */,
				B9F61A5F22A5044800CDC29E /* LGMatchParlayTableViewCell.m */,
			);
			path = Cell;
			sourceTree = "<group>";
		};
		B945C1FB22B391C60031E82C /* MatchOddsView */ = {
			isa = PBXGroup;
			children = (
				B9C3A162229F7DEB00E282B0 /* LGMatchBasicOddsView.h */,
				B9C3A163229F7DEB00E282B0 /* LGMatchBasicOddsView.m */,
				B9609CD022B36CCD003005BA /* LGMatchListOddsView.h */,
				B9609CD122B36CCD003005BA /* LGMatchListOddsView.m */,
				B9609CD322B36EA5003005BA /* LGMatchDetailOddsView.h */,
				B9609CD422B36EA5003005BA /* LGMatchDetailOddsView.m */,
			);
			path = MatchOddsView;
			sourceTree = "<group>";
		};
		B9493674229BCBE7000C3D24 = {
			isa = PBXGroup;
			children = (
				B949367F229BCBE7000C3D24 /* LightningGame */,
				B9493698229BCBE9000C3D24 /* LightningGameTests */,
				B94936A3229BCBE9000C3D24 /* LightningGameUITests */,
				B949367E229BCBE7000C3D24 /* Products */,
				36353B721624CB4A646F5245 /* Pods */,
				6885C3F1B057703E63285D66 /* Frameworks */,
			);
			sourceTree = "<group>";
		};
		B949367E229BCBE7000C3D24 /* Products */ = {
			isa = PBXGroup;
			children = (
				B949367D229BCBE7000C3D24 /* LightningGame.app */,
				B9493695229BCBE9000C3D24 /* LightningGameTests.xctest */,
				B94936A0229BCBE9000C3D24 /* LightningGameUITests.xctest */,
			);
			name = Products;
			sourceTree = "<group>";
		};
		B949367F229BCBE7000C3D24 /* LightningGame */ = {
			isa = PBXGroup;
			children = (
				B9229CE5229BEBDA0030691D /* Business */,
				B9229CE6229BEBEA0030691D /* Service */,
				B9229CE9229BEC600030691D /* Utility */,
				B9229CE4229BEBC80030691D /* Resource */,
				B9493680229BCBE7000C3D24 /* AppDelegate.h */,
				B9493681229BCBE7000C3D24 /* AppDelegate.m */,
				B9493686229BCBE7000C3D24 /* Main.storyboard */,
				B9493689229BCBE9000C3D24 /* Assets.xcassets */,
				B949368B229BCBE9000C3D24 /* LaunchScreen.storyboard */,
				B949368E229BCBE9000C3D24 /* Info.plist */,
				B9229D64229E21EF0030691D /* Localizable.strings */,
				B949368F229BCBE9000C3D24 /* main.m */,
				B9229CDD229BE48D0030691D /* PrefixHeader.pch */,
			);
			path = LightningGame;
			sourceTree = "<group>";
		};
		B9493698229BCBE9000C3D24 /* LightningGameTests */ = {
			isa = PBXGroup;
			children = (
				B9493699229BCBE9000C3D24 /* LightningGameTests.m */,
				B949369B229BCBE9000C3D24 /* Info.plist */,
			);
			path = LightningGameTests;
			sourceTree = "<group>";
		};
		B94936A3229BCBE9000C3D24 /* LightningGameUITests */ = {
			isa = PBXGroup;
			children = (
				B94936A4229BCBE9000C3D24 /* LightningGameUITests.m */,
				B94936A6229BCBE9000C3D24 /* Info.plist */,
			);
			path = LightningGameUITests;
			sourceTree = "<group>";
		};
		B94E4FB422B79CBC00A56F13 /* Player */ = {
			isa = PBXGroup;
			children = (
				B94E4FAC22B79CA700A56F13 /* FQAbstractPlayerView.h */,
				B94E4FAB22B79CA700A56F13 /* FQAbstractPlayerView.m */,
				B94E4FAF22B79CAD00A56F13 /* FQAVPlayerView.h */,
				B94E4FAE22B79CAD00A56F13 /* FQAVPlayerView.m */,
				B94E4FB122B79CB600A56F13 /* FQPlayerOperateView.h */,
				B94E4FB222B79CB600A56F13 /* FQPlayerOperateView.m */,
				B9BE555722B8D62700D04395 /* FQPlayerConfig.h */,
			);
			path = Player;
			sourceTree = "<group>";
		};
		B99924F122BA0B1E001F492E /* Transitions */ = {
			isa = PBXGroup;
			children = (
				B9D9104722AE84DF00D54911 /* FQAnimatedTransitioning.h */,
				B9D9104822AE84DF00D54911 /* FQAnimatedTransitioning.m */,
			);
			path = Transitions;
			sourceTree = "<group>";
		};
		B9C3A17622A0F8AE00E282B0 /* Sign */ = {
			isa = PBXGroup;
			children = (
				B9D9101622ABA6D100D54911 /* Actions */,
				B91A762422A8AEA400155607 /* Management */,
				B9D9102A22ABAB8900D54911 /* View */,
				B9D9101A22ABA6F000D54911 /* ViewController */,
			);
			path = Sign;
			sourceTree = "<group>";
		};
		B9D9101222ABA61500D54911 /* Mediator */ = {
			isa = PBXGroup;
			children = (
				B9D9101F22ABA72400D54911 /* ModuleCategories */,
				B9D9101322ABA64500D54911 /* CTMediator.h */,
				B9D9101422ABA64500D54911 /* CTMediator.m */,
			);
			path = Mediator;
			sourceTree = "<group>";
		};
		B9D9101622ABA6D100D54911 /* Actions */ = {
			isa = PBXGroup;
			children = (
				B9D9101722ABA6E700D54911 /* Target_SignIn.h */,
				B9D9101822ABA6E700D54911 /* Target_SignIn.m */,
			);
			path = Actions;
			sourceTree = "<group>";
		};
		B9D9101A22ABA6F000D54911 /* ViewController */ = {
			isa = PBXGroup;
			children = (
				B9C3A17A22A0FA2600E282B0 /* LGSignInViewController.h */,
				B9C3A17B22A0FA2600E282B0 /* LGSignInViewController.m */,
				B9C3A17722A0F9F700E282B0 /* LGSignUpViewController.h */,
				B9C3A17822A0F9F700E282B0 /* LGSignUpViewController.m */,
				B9F61A5822A4F5F100CDC29E /* LGForgetPwdViewController.h */,
				B9F61A5922A4F5F100CDC29E /* LGForgetPwdViewController.m */,
			);
			path = ViewController;
			sourceTree = "<group>";
		};
		B9D9101B22ABA70D00D54911 /* Actions */ = {
			isa = PBXGroup;
			children = (
				B9D9101D22ABA71A00D54911 /* Target_Main.h */,
				B9D9101C22ABA71A00D54911 /* Target_Main.m */,
			);
			path = Actions;
			sourceTree = "<group>";
		};
		B9D9101F22ABA72400D54911 /* ModuleCategories */ = {
			isa = PBXGroup;
			children = (
				B9D9104322AE81EB00D54911 /* Profile */,
				B9D9102122ABA73400D54911 /* Main */,
				B9D9102022ABA72C00D54911 /* Sign */,
			);
			path = ModuleCategories;
			sourceTree = "<group>";
		};
		B9D9102022ABA72C00D54911 /* Sign */ = {
			isa = PBXGroup;
			children = (
				B9D9102622ABA74600D54911 /* CTMediator+LGSignActions.h */,
				B9D9102522ABA74600D54911 /* CTMediator+LGSignActions.m */,
			);
			path = Sign;
			sourceTree = "<group>";
		};
		B9D9102122ABA73400D54911 /* Main */ = {
			isa = PBXGroup;
			children = (
				B9D9102222ABA73F00D54911 /* CTMediator+LGMainActions.h */,
				B9D9102322ABA73F00D54911 /* CTMediator+LGMainActions.m */,
			);
			path = Main;
			sourceTree = "<group>";
		};
		B9D9102822ABA75500D54911 /* Splash */ = {
			isa = PBXGroup;
			children = (
				B91A763122A8E8E900155607 /* LGSplashViewController.h */,
				B91A763222A8E8E900155607 /* LGSplashViewController.m */,
			);
			path = Splash;
			sourceTree = "<group>";
		};
		B9D9102922ABAB4E00D54911 /* Engine */ = {
			isa = PBXGroup;
			children = (
				B9229D6E229E5FB80030691D /* FQNetworkManager.h */,
				B9229D71229E5FB80030691D /* FQNetworkManager.m */,
				B9229D6D229E5FB80030691D /* FQNetworkReachabilityManager.h */,
				B9229D73229E5FB80030691D /* FQNetworkReachabilityManager.m */,
			);
			path = Engine;
			sourceTree = "<group>";
		};
		B9D9102A22ABAB8900D54911 /* View */ = {
			isa = PBXGroup;
			children = (
				B9F61A5522A4C7BA00CDC29E /* LGSignFieldView.h */,
				B9F61A5622A4C7BA00CDC29E /* LGSignFieldView.m */,
			);
			path = View;
			sourceTree = "<group>";
		};
		B9D9102E22ADFD0200D54911 /* MatchParlayView */ = {
			isa = PBXGroup;
			children = (
				B9C3A17322A0D21400E282B0 /* LGMatchParlayView.h */,
				B9C3A17422A0D21400E282B0 /* LGMatchParlayView.m */,
				B9F61A5B22A5001900CDC29E /* LGMatchParlayTableView.h */,
				B9F61A5C22A5001900CDC29E /* LGMatchParlayTableView.m */,
				B91A761A22A78EBC00155607 /* LGMatchParlayTopView.h */,
				B91A761B22A78EBC00155607 /* LGMatchParlayTopView.m */,
				B9F61A6D22A75A6700CDC29E /* LGMatchParlayBottomView.h */,
				B9F61A6E22A75A6700CDC29E /* LGMatchParlayBottomView.m */,
				B9F61A6422A6060F00CDC29E /* LGMatchParlayKeyboard.h */,
				B9F61A6522A6060F00CDC29E /* LGMatchParlayKeyboard.m */,
				B9F61A6722A63B0C00CDC29E /* LGMatchParlayTextField.h */,
				B9F61A6822A63B0C00CDC29E /* LGMatchParlayTextField.m */,
			);
			path = MatchParlayView;
			sourceTree = "<group>";
		};
		B9D9103822AE810300D54911 /* Profile */ = {
			isa = PBXGroup;
			children = (
				B9D9103F22AE819E00D54911 /* Actions */,
				B9D9103B22AE818300D54911 /* View */,
				B9D9103A22AE817700D54911 /* ViewController */,
				B9D9103922AE816F00D54911 /* ViewModel */,
			);
			path = Profile;
			sourceTree = "<group>";
		};
		B9D9103922AE816F00D54911 /* ViewModel */ = {
			isa = PBXGroup;
			children = (
			);
			path = ViewModel;
			sourceTree = "<group>";
		};
		B9D9103A22AE817700D54911 /* ViewController */ = {
			isa = PBXGroup;
			children = (
				B9D9103C22AE819900D54911 /* LGProfileViewController.h */,
				B9D9103D22AE819900D54911 /* LGProfileViewController.m */,
			);
			path = ViewController;
			sourceTree = "<group>";
		};
		B9D9103B22AE818300D54911 /* View */ = {
			isa = PBXGroup;
			children = (
			);
			path = View;
			sourceTree = "<group>";
		};
		B9D9103F22AE819E00D54911 /* Actions */ = {
			isa = PBXGroup;
			children = (
				B9D9104022AE81B400D54911 /* Target_Profile.h */,
				B9D9104122AE81B400D54911 /* Target_Profile.m */,
			);
			path = Actions;
			sourceTree = "<group>";
		};
		B9D9104322AE81EB00D54911 /* Profile */ = {
			isa = PBXGroup;
			children = (
				B9D9104422AE820200D54911 /* CTMediator+LGProfileActions.h */,
				B9D9104522AE820200D54911 /* CTMediator+LGProfileActions.m */,
			);
			path = Profile;
			sourceTree = "<group>";
		};
		B9F61A5022A4BC0F00CDC29E /* CommonUI */ = {
			isa = PBXGroup;
			children = (
				B9229CEC229BEC990030691D /* LGMacroDefine.h */,
				B9F61A5222A4BCD500CDC29E /* LGServiceButton.h */,
				B9F61A5322A4BCD500CDC29E /* LGServiceButton.m */,
				B9F61A6A22A6566300CDC29E /* LGToastView.h */,
				B9F61A6B22A6566300CDC29E /* LGToastView.m */,
				B9D9102B22ADF36A00D54911 /* LGLoadingView.h */,
				B9D9102C22ADF36A00D54911 /* LGLoadingView.m */,
			);
			path = CommonUI;
			sourceTree = "<group>";
		};
		B9F61A5122A4BC5200CDC29E /* HTTPRequest */ = {
			isa = PBXGroup;
			children = (
				B91A762B22A8BFA100155607 /* LGAPIErrorCode.h */,
				B91A762C22A8BFD600155607 /* LGAPIURLConfig.h */,
				B9229D7A229E6A680030691D /* APIRequest */,
			);
			path = HTTPRequest;
			sourceTree = "<group>";
		};
/* End PBXGroup section */

/* Begin PBXNativeTarget section */
		B949367C229BCBE7000C3D24 /* LightningGame */ = {
			isa = PBXNativeTarget;
			buildConfigurationList = B94936A9229BCBE9000C3D24 /* Build configuration list for PBXNativeTarget "LightningGame" */;
			buildPhases = (
				E54353CE429AA7E99E749DF0 /* [CP] Check Pods Manifest.lock */,
				B9493679229BCBE7000C3D24 /* Sources */,
				B949367A229BCBE7000C3D24 /* Frameworks */,
				B949367B229BCBE7000C3D24 /* Resources */,
				847A08A8BFDCB70C1AAD5850 /* [CP] Embed Pods Frameworks */,
			);
			buildRules = (
			);
			dependencies = (
			);
			name = LightningGame;
			productName = LightningGame;
			productReference = B949367D229BCBE7000C3D24 /* LightningGame.app */;
			productType = "com.apple.product-type.application";
		};
		B9493694229BCBE9000C3D24 /* LightningGameTests */ = {
			isa = PBXNativeTarget;
			buildConfigurationList = B94936AC229BCBE9000C3D24 /* Build configuration list for PBXNativeTarget "LightningGameTests" */;
			buildPhases = (
				B9493691229BCBE9000C3D24 /* Sources */,
				B9493692229BCBE9000C3D24 /* Frameworks */,
				B9493693229BCBE9000C3D24 /* Resources */,
			);
			buildRules = (
			);
			dependencies = (
				B9493697229BCBE9000C3D24 /* PBXTargetDependency */,
			);
			name = LightningGameTests;
			productName = LightningGameTests;
			productReference = B9493695229BCBE9000C3D24 /* LightningGameTests.xctest */;
			productType = "com.apple.product-type.bundle.unit-test";
		};
		B949369F229BCBE9000C3D24 /* LightningGameUITests */ = {
			isa = PBXNativeTarget;
			buildConfigurationList = B94936AF229BCBE9000C3D24 /* Build configuration list for PBXNativeTarget "LightningGameUITests" */;
			buildPhases = (
				B949369C229BCBE9000C3D24 /* Sources */,
				B949369D229BCBE9000C3D24 /* Frameworks */,
				B949369E229BCBE9000C3D24 /* Resources */,
			);
			buildRules = (
			);
			dependencies = (
				B94936A2229BCBE9000C3D24 /* PBXTargetDependency */,
			);
			name = LightningGameUITests;
			productName = LightningGameUITests;
			productReference = B94936A0229BCBE9000C3D24 /* LightningGameUITests.xctest */;
			productType = "com.apple.product-type.bundle.ui-testing";
		};
/* End PBXNativeTarget section */

/* Begin PBXProject section */
		B9493675229BCBE7000C3D24 /* Project object */ = {
			isa = PBXProject;
			attributes = {
				LastUpgradeCheck = 1020;
				ORGANIZATIONNAME = fanqi_company;
				TargetAttributes = {
					B949367C229BCBE7000C3D24 = {
						CreatedOnToolsVersion = 10.2.1;
					};
					B9493694229BCBE9000C3D24 = {
						CreatedOnToolsVersion = 10.2.1;
						TestTargetID = B949367C229BCBE7000C3D24;
					};
					B949369F229BCBE9000C3D24 = {
						CreatedOnToolsVersion = 10.2.1;
						TestTargetID = B949367C229BCBE7000C3D24;
					};
				};
			};
			buildConfigurationList = B9493678229BCBE7000C3D24 /* Build configuration list for PBXProject "LightningGame" */;
			compatibilityVersion = "Xcode 9.3";
			developmentRegion = en;
			hasScannedForEncodings = 0;
			knownRegions = (
				Base,
				en,
				"zh-Hans",
			);
			mainGroup = B9493674229BCBE7000C3D24;
			productRefGroup = B949367E229BCBE7000C3D24 /* Products */;
			projectDirPath = "";
			projectRoot = "";
			targets = (
				B949367C229BCBE7000C3D24 /* LightningGame */,
				B9493694229BCBE9000C3D24 /* LightningGameTests */,
				B949369F229BCBE9000C3D24 /* LightningGameUITests */,
			);
		};
/* End PBXProject section */

/* Begin PBXResourcesBuildPhase section */
		B949367B229BCBE7000C3D24 /* Resources */ = {
			isa = PBXResourcesBuildPhase;
			buildActionMask = 2147483647;
			files = (
				B945C1FF22B395E50031E82C /* detail_sample1.json in Resources */,
				B949368D229BCBE9000C3D24 /* LaunchScreen.storyboard in Resources */,
				B9229D62229E21EF0030691D /* Localizable.strings in Resources */,
				B9C3A17222A0C4ED00E282B0 /* detail_sample.json in Resources */,
				B9229D8C229E74180030691D /* list_sample.json in Resources */,
				B949368A229BCBE9000C3D24 /* Assets.xcassets in Resources */,
				B9493688229BCBE7000C3D24 /* Main.storyboard in Resources */,
				B945C1FE22B395E50031E82C /* detail_sample2.json in Resources */,
			);
			runOnlyForDeploymentPostprocessing = 0;
		};
		B9493693229BCBE9000C3D24 /* Resources */ = {
			isa = PBXResourcesBuildPhase;
			buildActionMask = 2147483647;
			files = (
			);
			runOnlyForDeploymentPostprocessing = 0;
		};
		B949369E229BCBE9000C3D24 /* Resources */ = {
			isa = PBXResourcesBuildPhase;
			buildActionMask = 2147483647;
			files = (
			);
			runOnlyForDeploymentPostprocessing = 0;
		};
/* End PBXResourcesBuildPhase section */

/* Begin PBXShellScriptBuildPhase section */
		847A08A8BFDCB70C1AAD5850 /* [CP] Embed Pods Frameworks */ = {
			isa = PBXShellScriptBuildPhase;
			buildActionMask = 2147483647;
			files = (
			);
			inputFileListPaths = (
				"${PODS_ROOT}/Target Support Files/Pods-LightningGame/Pods-LightningGame-frameworks-${CONFIGURATION}-input-files.xcfilelist",
			);
			name = "[CP] Embed Pods Frameworks";
			outputFileListPaths = (
				"${PODS_ROOT}/Target Support Files/Pods-LightningGame/Pods-LightningGame-frameworks-${CONFIGURATION}-output-files.xcfilelist",
			);
			runOnlyForDeploymentPostprocessing = 0;
			shellPath = /bin/sh;
			shellScript = "\"${PODS_ROOT}/Target Support Files/Pods-LightningGame/Pods-LightningGame-frameworks.sh\"\n";
			showEnvVarsInLog = 0;
		};
		E54353CE429AA7E99E749DF0 /* [CP] Check Pods Manifest.lock */ = {
			isa = PBXShellScriptBuildPhase;
			buildActionMask = 2147483647;
			files = (
			);
			inputFileListPaths = (
			);
			inputPaths = (
				"${PODS_PODFILE_DIR_PATH}/Podfile.lock",
				"${PODS_ROOT}/Manifest.lock",
			);
			name = "[CP] Check Pods Manifest.lock";
			outputFileListPaths = (
			);
			outputPaths = (
				"$(DERIVED_FILE_DIR)/Pods-LightningGame-checkManifestLockResult.txt",
			);
			runOnlyForDeploymentPostprocessing = 0;
			shellPath = /bin/sh;
			shellScript = "diff \"${PODS_PODFILE_DIR_PATH}/Podfile.lock\" \"${PODS_ROOT}/Manifest.lock\" > /dev/null\nif [ $? != 0 ] ; then\n    # print error to STDERR\n    echo \"error: The sandbox is not in sync with the Podfile.lock. Run 'pod install' or update your CocoaPods installation.\" >&2\n    exit 1\nfi\n# This output is used by Xcode 'outputs' to avoid re-running this script phase.\necho \"SUCCESS\" > \"${SCRIPT_OUTPUT_FILE_0}\"\n";
			showEnvVarsInLog = 0;
		};
/* End PBXShellScriptBuildPhase section */

/* Begin PBXSourcesBuildPhase section */
		B9493679229BCBE7000C3D24 /* Sources */ = {
			isa = PBXSourcesBuildPhase;
			buildActionMask = 2147483647;
			files = (
				B9F61A5A22A4F5F100CDC29E /* LGForgetPwdViewController.m in Sources */,
				B9229D40229D03450030691D /* FQRunTimeUtility.m in Sources */,
				B9BE555322B8869000D04395 /* UIView+FQRotatable.m in Sources */,
				B9229D41229D03450030691D /* FQGZipUtility.m in Sources */,
				B9C3A16D229FA3F800E282B0 /* LGMarqueeView.m in Sources */,
				B9229D15229C170F0030691D /* NSDictionary+FQNilExamine.m in Sources */,
				B9229D90229E7D4A0030691D /* LGMatchListViewCell.m in Sources */,
				B9F61A6022A5044800CDC29E /* LGMatchParlayTableViewCell.m in Sources */,
				B9229D23229CD3180030691D /* LGMatchDetailViewController.m in Sources */,
				B9229D14229C17070030691D /* NSAttributedString+FQNilExamine.m in Sources */,
				B9D9104922AE84DF00D54911 /* FQAnimatedTransitioning.m in Sources */,
				B9229D0F229BF04F0030691D /* UIImage+FQExtension.m in Sources */,
				B91A762722A8AF1300155607 /* LGSignFlowManager.m in Sources */,
				B9229CF4229BED190030691D /* UINavigationController+FQExtension.m in Sources */,
				B9C3A170229FC38E00E282B0 /* LGMarqueeViewModel.m in Sources */,
				B91A762022A7D85F00155607 /* LGAccountManager.m in Sources */,
				B9D9103122ADFD3400D54911 /* LGDatePickerView.m in Sources */,
				B9229D4A229D0B670030691D /* FQWindowUtility.m in Sources */,
				B9229D3B229D011C0030691D /* FQLanguageManager.m in Sources */,
				B9229D20229CCBCA0030691D /* UIViewController+FQExtension.m in Sources */,
				B9229D06229BEEC00030691D /* UIScrollView+FQEmptyData.m in Sources */,
				B9C3A16A229F93F100E282B0 /* FQComponentFactory.m in Sources */,
				B9D9104F22B0EDC000D54911 /* NSDictionary+FQExtension.m in Sources */,
				B9D9102422ABA73F00D54911 /* CTMediator+LGMainActions.m in Sources */,
				B9229D01229BEEC00030691D /* NSArray+FQNilExamine.m in Sources */,
				B9229D2C229CF63E0030691D /* FQSystemUtility.m in Sources */,
				B9C3A17922A0F9F700E282B0 /* LGSignUpViewController.m in Sources */,
				B94E4FB022B79CAD00A56F13 /* FQAVPlayerView.m in Sources */,
				B94E4FB322B79CB600A56F13 /* FQPlayerOperateView.m in Sources */,
				B9D9105222B1EA9F00D54911 /* LGMatchDetailViewModel.m in Sources */,
				B9229D29229CF2A10030691D /* FQNavigationBar.m in Sources */,
				B94E4FAD22B79CA700A56F13 /* FQAbstractPlayerView.m in Sources */,
				B91A761C22A78EBC00155607 /* LGMatchParlayTopView.m in Sources */,
				B9D9104222AE81B400D54911 /* Target_Profile.m in Sources */,
				B91A763322A8E8E900155607 /* LGSplashViewController.m in Sources */,
				B9F61A6C22A6566300CDC29E /* LGToastView.m in Sources */,
				B9229D44229D03E20030691D /* FQAuthorizationHelper.m in Sources */,
				B9229D02229BEEC00030691D /* NSString+FQNilExamine.m in Sources */,
				B9229D1D229CCB270030691D /* LGMainViewController.m in Sources */,
				B9D9103722AE46EB00D54911 /* LGDatePickerTableView.m in Sources */,
				B9229D3E229D02980030691D /* FQTimerManager.m in Sources */,
				B9229D0D229BF04F0030691D /* UIView+FQExtension.m in Sources */,
				B9F61A6F22A75A6700CDC29E /* LGMatchParlayBottomView.m in Sources */,
				B9F61A5722A4C7BA00CDC29E /* LGSignFieldView.m in Sources */,
				B9C3A17C22A0FA2600E282B0 /* LGSignInViewController.m in Sources */,
				B9D9101E22ABA71A00D54911 /* Target_Main.m in Sources */,
				B9493690229BCBE9000C3D24 /* main.m in Sources */,
				B9F61A6922A63B0C00CDC29E /* LGMatchParlayTextField.m in Sources */,
				B9229D4D229D66E90030691D /* FQImageButton.m in Sources */,
				B91A762F22A8DDE400155607 /* LGSignInRequest.m in Sources */,
				B9D9101922ABA6E700D54911 /* Target_SignIn.m in Sources */,
				B9229D77229E5FB80030691D /* FQNetworkReachabilityManager.m in Sources */,
				B9229D2F229CF8C40030691D /* FQEncryptionUtility.m in Sources */,
				B9C3A17522A0D21400E282B0 /* LGMatchParlayView.m in Sources */,
				B9339F2922B7286F00C6AF15 /* LGMatchListRequest.m in Sources */,
				B9229CF0229BECE00030691D /* YYFPSLabel.m in Sources */,
				B9C3A167229F842200E282B0 /* NSObject+MsgForwarding.m in Sources */,
				B9F61A5D22A5001900CDC29E /* LGMatchParlayTableView.m in Sources */,
				B9F61A6622A6060F00CDC29E /* LGMatchParlayKeyboard.m in Sources */,
				B9C3A164229F7DEB00E282B0 /* LGMatchBasicOddsView.m in Sources */,
				B9D9104622AE820200D54911 /* CTMediator+LGProfileActions.m in Sources */,
				B9229D76229E5FB80030691D /* FQNetworkManager.m in Sources */,
				B9229D47229D07260030691D /* FQSegmentedControl.m in Sources */,
				B91A762A22A8BB0C00155607 /* LGSignUpRequest.m in Sources */,
				B9229D93229EA6600030691D /* CALayer+FQExtension.m in Sources */,
				B9339F2C22B766DF00C6AF15 /* LGMatchDetailRequest.m in Sources */,
				B9229D04229BEEC00030691D /* UIImageView+FQExtension.m in Sources */,
				B9D9102D22ADF36A00D54911 /* LGLoadingView.m in Sources */,
				B94E4FB722B7B9C000A56F13 /* LGMatchDetailPlayerView.m in Sources */,
				B9229D0E229BF04F0030691D /* NSDate+FQExtension.m in Sources */,
				B9D9101522ABA64600D54911 /* CTMediator.m in Sources */,
				B9D9103E22AE819900D54911 /* LGProfileViewController.m in Sources */,
				B9BE555A22B908BE00D04395 /* LGOAuthRequest.m in Sources */,
				B9493682229BCBE7000C3D24 /* AppDelegate.m in Sources */,
				B9229D35229CFD940030691D /* FQFileManagerUtility.m in Sources */,
				B9229D6B229E39A70030691D /* LGMatchListViewModel.m in Sources */,
				B9609CD222B36CCD003005BA /* LGMatchListOddsView.m in Sources */,
				B91A762322A7E40E00155607 /* LGVerifyCodeRequest.m in Sources */,
				B9229D68229E2DE80030691D /* LGMatchListView.m in Sources */,
				B9609CD522B36EA5003005BA /* LGMatchDetailOddsView.m in Sources */,
				B91A763622A910B700155607 /* LGForgetPwdRequest.m in Sources */,
				B9D9102722ABA74600D54911 /* CTMediator+LGSignActions.m in Sources */,
				B9D9103422AE0D9800D54911 /* LGDatePickerViewModel.m in Sources */,
				B9727B1322B771BF002B335C /* LGMatchDetailHeaderView.m in Sources */,
				B9609CCC22B26D93003005BA /* LGMatchDetailTableViewCell.m in Sources */,
				B9F61A5422A4BCD500CDC29E /* LGServiceButton.m in Sources */,
				B9229D7D229E6EC90030691D /* LGBasicRequest.m in Sources */,
			);
			runOnlyForDeploymentPostprocessing = 0;
		};
		B9493691229BCBE9000C3D24 /* Sources */ = {
			isa = PBXSourcesBuildPhase;
			buildActionMask = 2147483647;
			files = (
				B949369A229BCBE9000C3D24 /* LightningGameTests.m in Sources */,
			);
			runOnlyForDeploymentPostprocessing = 0;
		};
		B949369C229BCBE9000C3D24 /* Sources */ = {
			isa = PBXSourcesBuildPhase;
			buildActionMask = 2147483647;
			files = (
				B94936A5229BCBE9000C3D24 /* LightningGameUITests.m in Sources */,
			);
			runOnlyForDeploymentPostprocessing = 0;
		};
/* End PBXSourcesBuildPhase section */

/* Begin PBXTargetDependency section */
		B9493697229BCBE9000C3D24 /* PBXTargetDependency */ = {
			isa = PBXTargetDependency;
			target = B949367C229BCBE7000C3D24 /* LightningGame */;
			targetProxy = B9493696229BCBE9000C3D24 /* PBXContainerItemProxy */;
		};
		B94936A2229BCBE9000C3D24 /* PBXTargetDependency */ = {
			isa = PBXTargetDependency;
			target = B949367C229BCBE7000C3D24 /* LightningGame */;
			targetProxy = B94936A1229BCBE9000C3D24 /* PBXContainerItemProxy */;
		};
/* End PBXTargetDependency section */

/* Begin PBXVariantGroup section */
		B9229D64229E21EF0030691D /* Localizable.strings */ = {
			isa = PBXVariantGroup;
			children = (
				B9229D63229E21EF0030691D /* zh-Hans */,
				B9229D65229E21F30030691D /* en */,
			);
			name = Localizable.strings;
			sourceTree = "<group>";
		};
		B9493686229BCBE7000C3D24 /* Main.storyboard */ = {
			isa = PBXVariantGroup;
			children = (
				B9493687229BCBE7000C3D24 /* Base */,
				B9229D5C229E219A0030691D /* en */,
				B9229D5E229E21D30030691D /* zh-Hans */,
			);
			name = Main.storyboard;
			sourceTree = "<group>";
		};
		B949368B229BCBE9000C3D24 /* LaunchScreen.storyboard */ = {
			isa = PBXVariantGroup;
			children = (
				B949368C229BCBE9000C3D24 /* Base */,
				B9229D5D229E219A0030691D /* en */,
				B9229D5F229E21D30030691D /* zh-Hans */,
			);
			name = LaunchScreen.storyboard;
			sourceTree = "<group>";
		};
/* End PBXVariantGroup section */

/* Begin XCBuildConfiguration section */
		B94936A7229BCBE9000C3D24 /* Debug */ = {
			isa = XCBuildConfiguration;
			buildSettings = {
				ALWAYS_SEARCH_USER_PATHS = NO;
				CLANG_ANALYZER_LOCALIZABILITY_NONLOCALIZED = YES;
				CLANG_ANALYZER_NONNULL = YES;
				CLANG_ANALYZER_NUMBER_OBJECT_CONVERSION = YES_AGGRESSIVE;
				CLANG_CXX_LANGUAGE_STANDARD = "gnu++14";
				CLANG_CXX_LIBRARY = "libc++";
				CLANG_ENABLE_MODULES = YES;
				CLANG_ENABLE_OBJC_ARC = YES;
				CLANG_ENABLE_OBJC_WEAK = YES;
				CLANG_WARN_BLOCK_CAPTURE_AUTORELEASING = YES;
				CLANG_WARN_BOOL_CONVERSION = YES;
				CLANG_WARN_COMMA = YES;
				CLANG_WARN_CONSTANT_CONVERSION = YES;
				CLANG_WARN_DEPRECATED_OBJC_IMPLEMENTATIONS = YES;
				CLANG_WARN_DIRECT_OBJC_ISA_USAGE = YES_ERROR;
				CLANG_WARN_DOCUMENTATION_COMMENTS = YES;
				CLANG_WARN_EMPTY_BODY = YES;
				CLANG_WARN_ENUM_CONVERSION = YES;
				CLANG_WARN_INFINITE_RECURSION = YES;
				CLANG_WARN_INT_CONVERSION = YES;
				CLANG_WARN_NON_LITERAL_NULL_CONVERSION = YES;
				CLANG_WARN_OBJC_IMPLICIT_RETAIN_SELF = YES;
				CLANG_WARN_OBJC_LITERAL_CONVERSION = YES;
				CLANG_WARN_OBJC_ROOT_CLASS = YES_ERROR;
				CLANG_WARN_RANGE_LOOP_ANALYSIS = YES;
				CLANG_WARN_STRICT_PROTOTYPES = YES;
				CLANG_WARN_SUSPICIOUS_MOVE = YES;
				CLANG_WARN_UNGUARDED_AVAILABILITY = YES_AGGRESSIVE;
				CLANG_WARN_UNREACHABLE_CODE = YES;
				CLANG_WARN__DUPLICATE_METHOD_MATCH = YES;
				CODE_SIGN_IDENTITY = "iPhone Developer";
				COPY_PHASE_STRIP = NO;
				DEBUG_INFORMATION_FORMAT = dwarf;
				ENABLE_STRICT_OBJC_MSGSEND = YES;
				ENABLE_TESTABILITY = YES;
				GCC_C_LANGUAGE_STANDARD = gnu11;
				GCC_DYNAMIC_NO_PIC = NO;
				GCC_NO_COMMON_BLOCKS = YES;
				GCC_OPTIMIZATION_LEVEL = 0;
				GCC_PREPROCESSOR_DEFINITIONS = (
					"DEBUG=1",
					"$(inherited)",
				);
				GCC_WARN_64_TO_32_BIT_CONVERSION = YES;
				GCC_WARN_ABOUT_RETURN_TYPE = YES_ERROR;
				GCC_WARN_UNDECLARED_SELECTOR = YES;
				GCC_WARN_UNINITIALIZED_AUTOS = YES_AGGRESSIVE;
				GCC_WARN_UNUSED_FUNCTION = YES;
				GCC_WARN_UNUSED_VARIABLE = YES;
				IPHONEOS_DEPLOYMENT_TARGET = 8.0;
				MTL_ENABLE_DEBUG_INFO = INCLUDE_SOURCE;
				MTL_FAST_MATH = YES;
				ONLY_ACTIVE_ARCH = YES;
				SDKROOT = iphoneos;
			};
			name = Debug;
		};
		B94936A8229BCBE9000C3D24 /* Release */ = {
			isa = XCBuildConfiguration;
			buildSettings = {
				ALWAYS_SEARCH_USER_PATHS = NO;
				CLANG_ANALYZER_LOCALIZABILITY_NONLOCALIZED = YES;
				CLANG_ANALYZER_NONNULL = YES;
				CLANG_ANALYZER_NUMBER_OBJECT_CONVERSION = YES_AGGRESSIVE;
				CLANG_CXX_LANGUAGE_STANDARD = "gnu++14";
				CLANG_CXX_LIBRARY = "libc++";
				CLANG_ENABLE_MODULES = YES;
				CLANG_ENABLE_OBJC_ARC = YES;
				CLANG_ENABLE_OBJC_WEAK = YES;
				CLANG_WARN_BLOCK_CAPTURE_AUTORELEASING = YES;
				CLANG_WARN_BOOL_CONVERSION = YES;
				CLANG_WARN_COMMA = YES;
				CLANG_WARN_CONSTANT_CONVERSION = YES;
				CLANG_WARN_DEPRECATED_OBJC_IMPLEMENTATIONS = YES;
				CLANG_WARN_DIRECT_OBJC_ISA_USAGE = YES_ERROR;
				CLANG_WARN_DOCUMENTATION_COMMENTS = YES;
				CLANG_WARN_EMPTY_BODY = YES;
				CLANG_WARN_ENUM_CONVERSION = YES;
				CLANG_WARN_INFINITE_RECURSION = YES;
				CLANG_WARN_INT_CONVERSION = YES;
				CLANG_WARN_NON_LITERAL_NULL_CONVERSION = YES;
				CLANG_WARN_OBJC_IMPLICIT_RETAIN_SELF = YES;
				CLANG_WARN_OBJC_LITERAL_CONVERSION = YES;
				CLANG_WARN_OBJC_ROOT_CLASS = YES_ERROR;
				CLANG_WARN_RANGE_LOOP_ANALYSIS = YES;
				CLANG_WARN_STRICT_PROTOTYPES = YES;
				CLANG_WARN_SUSPICIOUS_MOVE = YES;
				CLANG_WARN_UNGUARDED_AVAILABILITY = YES_AGGRESSIVE;
				CLANG_WARN_UNREACHABLE_CODE = YES;
				CLANG_WARN__DUPLICATE_METHOD_MATCH = YES;
				CODE_SIGN_IDENTITY = "iPhone Developer";
				COPY_PHASE_STRIP = NO;
				DEBUG_INFORMATION_FORMAT = "dwarf-with-dsym";
				ENABLE_NS_ASSERTIONS = NO;
				ENABLE_STRICT_OBJC_MSGSEND = YES;
				GCC_C_LANGUAGE_STANDARD = gnu11;
				GCC_NO_COMMON_BLOCKS = YES;
				GCC_WARN_64_TO_32_BIT_CONVERSION = YES;
				GCC_WARN_ABOUT_RETURN_TYPE = YES_ERROR;
				GCC_WARN_UNDECLARED_SELECTOR = YES;
				GCC_WARN_UNINITIALIZED_AUTOS = YES_AGGRESSIVE;
				GCC_WARN_UNUSED_FUNCTION = YES;
				GCC_WARN_UNUSED_VARIABLE = YES;
				IPHONEOS_DEPLOYMENT_TARGET = 8.0;
				MTL_ENABLE_DEBUG_INFO = NO;
				MTL_FAST_MATH = YES;
				SDKROOT = iphoneos;
				VALIDATE_PRODUCT = YES;
			};
			name = Release;
		};
		B94936AA229BCBE9000C3D24 /* Debug */ = {
			isa = XCBuildConfiguration;
			baseConfigurationReference = B4FF264629B3E02E0CEE385C /* Pods-LightningGame.debug.xcconfig */;
			buildSettings = {
				ASSETCATALOG_COMPILER_APPICON_NAME = AppIcon;
				CODE_SIGN_STYLE = Automatic;
				DEVELOPMENT_TEAM = V6R68WLKP9;
				GCC_PREFIX_HEADER = "$(SRCROOT)/LightningGame/PrefixHeader.pch";
				INFOPLIST_FILE = LightningGame/Info.plist;
				LD_RUNPATH_SEARCH_PATHS = (
					"$(inherited)",
					"@executable_path/Frameworks",
				);
				PRODUCT_BUNDLE_IDENTIFIER = com.chenghai.lightning.LightningGame;
				PRODUCT_NAME = "$(TARGET_NAME)";
				TARGETED_DEVICE_FAMILY = "1,2";
			};
			name = Debug;
		};
		B94936AB229BCBE9000C3D24 /* Release */ = {
			isa = XCBuildConfiguration;
			baseConfigurationReference = 64A99286D4ECBEFE1FFB1F50 /* Pods-LightningGame.release.xcconfig */;
			buildSettings = {
				ASSETCATALOG_COMPILER_APPICON_NAME = AppIcon;
				CODE_SIGN_STYLE = Automatic;
				DEVELOPMENT_TEAM = V6R68WLKP9;
				GCC_PREFIX_HEADER = "$(SRCROOT)/LightningGame/PrefixHeader.pch";
				INFOPLIST_FILE = LightningGame/Info.plist;
				LD_RUNPATH_SEARCH_PATHS = (
					"$(inherited)",
					"@executable_path/Frameworks",
				);
				PRODUCT_BUNDLE_IDENTIFIER = com.chenghai.lightning.LightningGame;
				PRODUCT_NAME = "$(TARGET_NAME)";
				TARGETED_DEVICE_FAMILY = "1,2";
			};
			name = Release;
		};
		B94936AD229BCBE9000C3D24 /* Debug */ = {
			isa = XCBuildConfiguration;
			buildSettings = {
				BUNDLE_LOADER = "$(TEST_HOST)";
				CODE_SIGN_STYLE = Automatic;
				INFOPLIST_FILE = LightningGameTests/Info.plist;
				LD_RUNPATH_SEARCH_PATHS = (
					"$(inherited)",
					"@executable_path/Frameworks",
					"@loader_path/Frameworks",
				);
				PRODUCT_BUNDLE_IDENTIFIER = com.chenghai.lightning.LightningGameTests;
				PRODUCT_NAME = "$(TARGET_NAME)";
				TARGETED_DEVICE_FAMILY = "1,2";
				TEST_HOST = "$(BUILT_PRODUCTS_DIR)/LightningGame.app/LightningGame";
			};
			name = Debug;
		};
		B94936AE229BCBE9000C3D24 /* Release */ = {
			isa = XCBuildConfiguration;
			buildSettings = {
				BUNDLE_LOADER = "$(TEST_HOST)";
				CODE_SIGN_STYLE = Automatic;
				INFOPLIST_FILE = LightningGameTests/Info.plist;
				LD_RUNPATH_SEARCH_PATHS = (
					"$(inherited)",
					"@executable_path/Frameworks",
					"@loader_path/Frameworks",
				);
				PRODUCT_BUNDLE_IDENTIFIER = com.chenghai.lightning.LightningGameTests;
				PRODUCT_NAME = "$(TARGET_NAME)";
				TARGETED_DEVICE_FAMILY = "1,2";
				TEST_HOST = "$(BUILT_PRODUCTS_DIR)/LightningGame.app/LightningGame";
			};
			name = Release;
		};
		B94936B0229BCBE9000C3D24 /* Debug */ = {
			isa = XCBuildConfiguration;
			buildSettings = {
				CODE_SIGN_STYLE = Automatic;
				INFOPLIST_FILE = LightningGameUITests/Info.plist;
				LD_RUNPATH_SEARCH_PATHS = (
					"$(inherited)",
					"@executable_path/Frameworks",
					"@loader_path/Frameworks",
				);
				PRODUCT_BUNDLE_IDENTIFIER = com.chenghai.lightning.LightningGameUITests;
				PRODUCT_NAME = "$(TARGET_NAME)";
				TARGETED_DEVICE_FAMILY = "1,2";
				TEST_TARGET_NAME = LightningGame;
			};
			name = Debug;
		};
		B94936B1229BCBE9000C3D24 /* Release */ = {
			isa = XCBuildConfiguration;
			buildSettings = {
				CODE_SIGN_STYLE = Automatic;
				INFOPLIST_FILE = LightningGameUITests/Info.plist;
				LD_RUNPATH_SEARCH_PATHS = (
					"$(inherited)",
					"@executable_path/Frameworks",
					"@loader_path/Frameworks",
				);
				PRODUCT_BUNDLE_IDENTIFIER = com.chenghai.lightning.LightningGameUITests;
				PRODUCT_NAME = "$(TARGET_NAME)";
				TARGETED_DEVICE_FAMILY = "1,2";
				TEST_TARGET_NAME = LightningGame;
			};
			name = Release;
		};
/* End XCBuildConfiguration section */

/* Begin XCConfigurationList section */
		B9493678229BCBE7000C3D24 /* Build configuration list for PBXProject "LightningGame" */ = {
			isa = XCConfigurationList;
			buildConfigurations = (
				B94936A7229BCBE9000C3D24 /* Debug */,
				B94936A8229BCBE9000C3D24 /* Release */,
			);
			defaultConfigurationIsVisible = 0;
			defaultConfigurationName = Release;
		};
		B94936A9229BCBE9000C3D24 /* Build configuration list for PBXNativeTarget "LightningGame" */ = {
			isa = XCConfigurationList;
			buildConfigurations = (
				B94936AA229BCBE9000C3D24 /* Debug */,
				B94936AB229BCBE9000C3D24 /* Release */,
			);
			defaultConfigurationIsVisible = 0;
			defaultConfigurationName = Release;
		};
		B94936AC229BCBE9000C3D24 /* Build configuration list for PBXNativeTarget "LightningGameTests" */ = {
			isa = XCConfigurationList;
			buildConfigurations = (
				B94936AD229BCBE9000C3D24 /* Debug */,
				B94936AE229BCBE9000C3D24 /* Release */,
			);
			defaultConfigurationIsVisible = 0;
			defaultConfigurationName = Release;
		};
		B94936AF229BCBE9000C3D24 /* Build configuration list for PBXNativeTarget "LightningGameUITests" */ = {
			isa = XCConfigurationList;
			buildConfigurations = (
				B94936B0229BCBE9000C3D24 /* Debug */,
				B94936B1229BCBE9000C3D24 /* Release */,
			);
			defaultConfigurationIsVisible = 0;
			defaultConfigurationName = Release;
		};
/* End XCConfigurationList section */
	};
	rootObject = B9493675229BCBE7000C3D24 /* Project object */;
}
